// !$*UTF8*$!
{
	archiveVersion = 1;
	classes = {
	};
	objectVersion = 46;
	objects = {

/* Begin PBXBuildFile section */
		89AC5C621AA15434005DA279 /* IdeaDetailViewController.m in Sources */ = {isa = PBXBuildFile; fileRef = 89AC5C611AA15434005DA279 /* IdeaDetailViewController.m */; };
		89AC5C671AA1544B005DA279 /* MychangedCell.m in Sources */ = {isa = PBXBuildFile; fileRef = 89AC5C641AA1544B005DA279 /* MychangedCell.m */; };
		89AC5C681AA1544B005DA279 /* MysaveCell.m in Sources */ = {isa = PBXBuildFile; fileRef = 89AC5C661AA1544B005DA279 /* MysaveCell.m */; };
		89AC5C6B1AA1548B005DA279 /* MytoolviewCell.m in Sources */ = {isa = PBXBuildFile; fileRef = 89AC5C6A1AA1548B005DA279 /* MytoolviewCell.m */; };
		89AC5C6E1AA154A4005DA279 /* MyToolView.m in Sources */ = {isa = PBXBuildFile; fileRef = 89AC5C6D1AA154A4005DA279 /* MyToolView.m */; };
		89AC5C701AA165D6005DA279 /* userheader@2x.png in Resources */ = {isa = PBXBuildFile; fileRef = 89AC5C6F1AA165D6005DA279 /* userheader@2x.png */; };
		89AC5C781AA1C1CF005DA279 /* btn_close@2x.png in Resources */ = {isa = PBXBuildFile; fileRef = 89AC5C761AA1C1CF005DA279 /* btn_close@2x.png */; };
		89AF6B371AA3FD4C004F88F1 /* icon_jiantou_zuo@2x.png in Resources */ = {isa = PBXBuildFile; fileRef = 89AF6B361AA3FD4C004F88F1 /* icon_jiantou_zuo@2x.png */; };
		89AF6B3A1AA45D9D004F88F1 /* icon_aixin.png in Resources */ = {isa = PBXBuildFile; fileRef = 89AF6B381AA45D9D004F88F1 /* icon_aixin.png */; };
		89AF6B3B1AA45D9D004F88F1 /* icon_qipao.png in Resources */ = {isa = PBXBuildFile; fileRef = 89AF6B391AA45D9D004F88F1 /* icon_qipao.png */; };
		89BF1FF11AA556780085CD58 /* IoccupyDetailViewController.m in Sources */ = {isa = PBXBuildFile; fileRef = 89BF1FF01AA556780085CD58 /* IoccupyDetailViewController.m */; };
		E91E77531A849E87000174D4 /* main.m in Sources */ = {isa = PBXBuildFile; fileRef = E91E77521A849E87000174D4 /* main.m */; };
		E91E77561A849E87000174D4 /* AppDelegate.m in Sources */ = {isa = PBXBuildFile; fileRef = E91E77551A849E87000174D4 /* AppDelegate.m */; };
		E91E775E1A849E87000174D4 /* Images.xcassets in Resources */ = {isa = PBXBuildFile; fileRef = E91E775D1A849E87000174D4 /* Images.xcassets */; };
		E91E77781A84A6FA000174D4 /* MainViewController.m in Sources */ = {isa = PBXBuildFile; fileRef = E91E77771A84A6FA000174D4 /* MainViewController.m */; settings = {COMPILER_FLAGS = "-fno-objc-arc"; }; };
		E91E77831A84A7EB000174D4 /* Global.m in Sources */ = {isa = PBXBuildFile; fileRef = E91E77821A84A7EB000174D4 /* Global.m */; };
		E91E779E1A84A8CD000174D4 /* ASIAuthenticationDialog.m in Sources */ = {isa = PBXBuildFile; fileRef = E91E77891A84A8CD000174D4 /* ASIAuthenticationDialog.m */; settings = {COMPILER_FLAGS = "-fno-objc-arc"; }; };
		E91E779F1A84A8CD000174D4 /* ASIDataCompressor.m in Sources */ = {isa = PBXBuildFile; fileRef = E91E778C1A84A8CD000174D4 /* ASIDataCompressor.m */; settings = {COMPILER_FLAGS = "-fno-objc-arc"; }; };
		E91E77A01A84A8CD000174D4 /* ASIDataDecompressor.m in Sources */ = {isa = PBXBuildFile; fileRef = E91E778E1A84A8CD000174D4 /* ASIDataDecompressor.m */; settings = {COMPILER_FLAGS = "-fno-objc-arc"; }; };
		E91E77A11A84A8CD000174D4 /* ASIDownloadCache.m in Sources */ = {isa = PBXBuildFile; fileRef = E91E77901A84A8CD000174D4 /* ASIDownloadCache.m */; settings = {COMPILER_FLAGS = "-fno-objc-arc"; }; };
		E91E77A21A84A8CD000174D4 /* ASIFormDataRequest.m in Sources */ = {isa = PBXBuildFile; fileRef = E91E77921A84A8CD000174D4 /* ASIFormDataRequest.m */; settings = {COMPILER_FLAGS = "-fno-objc-arc"; }; };
		E91E77A31A84A8CD000174D4 /* ASIHTTPRequest.m in Sources */ = {isa = PBXBuildFile; fileRef = E91E77941A84A8CD000174D4 /* ASIHTTPRequest.m */; settings = {COMPILER_FLAGS = "-fno-objc-arc"; }; };
		E91E77A41A84A8CD000174D4 /* ASIInputStream.m in Sources */ = {isa = PBXBuildFile; fileRef = E91E77981A84A8CD000174D4 /* ASIInputStream.m */; settings = {COMPILER_FLAGS = "-fno-objc-arc"; }; };
		E91E77A51A84A8CD000174D4 /* ASINetworkQueue.m in Sources */ = {isa = PBXBuildFile; fileRef = E91E779A1A84A8CD000174D4 /* ASINetworkQueue.m */; settings = {COMPILER_FLAGS = "-fno-objc-arc"; }; };
		E91E77A61A84A8CD000174D4 /* Reachability.m in Sources */ = {isa = PBXBuildFile; fileRef = E91E779D1A84A8CD000174D4 /* Reachability.m */; settings = {COMPILER_FLAGS = "-fno-objc-arc"; }; };
		E91E77A91A84A988000174D4 /* SystemConfiguration.framework in Frameworks */ = {isa = PBXBuildFile; fileRef = E91E77A81A84A988000174D4 /* SystemConfiguration.framework */; };
		E91E77AB1A84A9A4000174D4 /* CFNetwork.framework in Frameworks */ = {isa = PBXBuildFile; fileRef = E91E77AA1A84A9A4000174D4 /* CFNetwork.framework */; };
		E91E77AD1A84A9AF000174D4 /* Security.framework in Frameworks */ = {isa = PBXBuildFile; fileRef = E91E77AC1A84A9AF000174D4 /* Security.framework */; };
		E91E77AF1A84A9BB000174D4 /* libobjc.dylib in Frameworks */ = {isa = PBXBuildFile; fileRef = E91E77AE1A84A9BB000174D4 /* libobjc.dylib */; };
		E91E77B11A84A9D1000174D4 /* libz.dylib in Frameworks */ = {isa = PBXBuildFile; fileRef = E91E77B01A84A9D1000174D4 /* libz.dylib */; };
		E91E77B31A84A9DA000174D4 /* MobileCoreServices.framework in Frameworks */ = {isa = PBXBuildFile; fileRef = E91E77B21A84A9DA000174D4 /* MobileCoreServices.framework */; };
		E91E77B51A84A9E3000174D4 /* libxml2.dylib in Frameworks */ = {isa = PBXBuildFile; fileRef = E91E77B41A84A9E3000174D4 /* libxml2.dylib */; };
		E91E77B81A84B0EE000174D4 /* BaseCell.m in Sources */ = {isa = PBXBuildFile; fileRef = E91E77B71A84B0EE000174D4 /* BaseCell.m */; };
		E91E77BB1A84B12C000174D4 /* BaseEntity.m in Sources */ = {isa = PBXBuildFile; fileRef = E91E77BA1A84B12C000174D4 /* BaseEntity.m */; };
		E91E77C51A84B143000174D4 /* NSObject+RMArchivable.m in Sources */ = {isa = PBXBuildFile; fileRef = E91E77BE1A84B143000174D4 /* NSObject+RMArchivable.m */; };
		E91E77C61A84B143000174D4 /* NSObject+RMCopyable.m in Sources */ = {isa = PBXBuildFile; fileRef = E91E77C01A84B143000174D4 /* NSObject+RMCopyable.m */; };
		E91E77C71A84B143000174D4 /* NSUserDefaults+RMSaveCustomObject.m in Sources */ = {isa = PBXBuildFile; fileRef = E91E77C21A84B143000174D4 /* NSUserDefaults+RMSaveCustomObject.m */; };
		E91E77C81A84B143000174D4 /* RMMapper.m in Sources */ = {isa = PBXBuildFile; fileRef = E91E77C41A84B143000174D4 /* RMMapper.m */; };
		E91E77CF1A84B1C2000174D4 /* MyBaseViewController.m in Sources */ = {isa = PBXBuildFile; fileRef = E91E77CA1A84B1C2000174D4 /* MyBaseViewController.m */; };
		E91E77D01A84B1C2000174D4 /* MyUIButton.m in Sources */ = {isa = PBXBuildFile; fileRef = E91E77CC1A84B1C2000174D4 /* MyUIButton.m */; };
		E91E77D11A84B1C2000174D4 /* MyUILabel.m in Sources */ = {isa = PBXBuildFile; fileRef = E91E77CE1A84B1C2000174D4 /* MyUILabel.m */; };
		E932E54A1AB7BE6A00839FA4 /* ForgetPswViewController.m in Sources */ = {isa = PBXBuildFile; fileRef = E932E5491AB7BE6A00839FA4 /* ForgetPswViewController.m */; };
		E932E5711AB913F100839FA4 /* forgetPSW in Resources */ = {isa = PBXBuildFile; fileRef = E932E56D1AB913F100839FA4 /* forgetPSW */; };
		E932E5721AB913F100839FA4 /* login in Resources */ = {isa = PBXBuildFile; fileRef = E932E56E1AB913F100839FA4 /* login */; };
		E932E5731AB913F100839FA4 /* public in Resources */ = {isa = PBXBuildFile; fileRef = E932E56F1AB913F100839FA4 /* public */; };
		E932E5741AB913F100839FA4 /* register in Resources */ = {isa = PBXBuildFile; fileRef = E932E5701AB913F100839FA4 /* register */; };
		E932E5761AB9146600839FA4 /* ideaRuleChoose in Resources */ = {isa = PBXBuildFile; fileRef = E932E5751AB9146600839FA4 /* ideaRuleChoose */; };
		E932E5781AB9245300839FA4 /* ideaCreate in Resources */ = {isa = PBXBuildFile; fileRef = E932E5771AB9245300839FA4 /* ideaCreate */; };
		E94107441A91B666002D78B2 /* API.m in Sources */ = {isa = PBXBuildFile; fileRef = E94107431A91B666002D78B2 /* API.m */; };
		E94107471A91B72E002D78B2 /* Base64.m in Sources */ = {isa = PBXBuildFile; fileRef = E94107461A91B72E002D78B2 /* Base64.m */; };
		E941074A1A91B850002D78B2 /* DB.m in Sources */ = {isa = PBXBuildFile; fileRef = E94107491A91B850002D78B2 /* DB.m */; };
		E94107521A91BA19002D78B2 /* APLevelDB.mm in Sources */ = {isa = PBXBuildFile; fileRef = E94107501A91BA19002D78B2 /* APLevelDB.mm */; };
		E94107531A91BA19002D78B2 /* libleveldb.a in Frameworks */ = {isa = PBXBuildFile; fileRef = E94107511A91BA19002D78B2 /* libleveldb.a */; };
		E94107651A91C75D002D78B2 /* User.m in Sources */ = {isa = PBXBuildFile; fileRef = E94107641A91C75D002D78B2 /* User.m */; };
		E941076B1A91CC4A002D78B2 /* SVProgressHUD.bundle in Resources */ = {isa = PBXBuildFile; fileRef = E94107681A91CC4A002D78B2 /* SVProgressHUD.bundle */; };
		E941076C1A91CC4A002D78B2 /* SVProgressHUD.m in Sources */ = {isa = PBXBuildFile; fileRef = E941076A1A91CC4A002D78B2 /* SVProgressHUD.m */; };
		E94107711AA1A62A002D78B2 /* icon_add@2x.png in Resources */ = {isa = PBXBuildFile; fileRef = E941076F1AA1A62A002D78B2 /* icon_add@2x.png */; };
		E94107721AA1A62A002D78B2 /* icon_sc@2x.png in Resources */ = {isa = PBXBuildFile; fileRef = E94107701AA1A62A002D78B2 /* icon_sc@2x.png */; };
		E941077A1AA1B25D002D78B2 /* icon_gfwb@2x.png in Resources */ = {isa = PBXBuildFile; fileRef = E94107731AA1B25D002D78B2 /* icon_gfwb@2x.png */; };
		E941077B1AA1B25D002D78B2 /* icon_gfwx@2x.png in Resources */ = {isa = PBXBuildFile; fileRef = E94107741AA1B25D002D78B2 /* icon_gfwx@2x.png */; };
		E941077C1AA1B25D002D78B2 /* icon_gfwz@2x.png in Resources */ = {isa = PBXBuildFile; fileRef = E94107751AA1B25D002D78B2 /* icon_gfwz@2x.png */; };
		E941077D1AA1B25D002D78B2 /* icon_sysm@2x.png in Resources */ = {isa = PBXBuildFile; fileRef = E94107761AA1B25D002D78B2 /* icon_sysm@2x.png */; };
		E941077E1AA1B25D002D78B2 /* icon_tcdl@2x.png in Resources */ = {isa = PBXBuildFile; fileRef = E94107771AA1B25D002D78B2 /* icon_tcdl@2x.png */; };
		E941077F1AA1B25D002D78B2 /* icon_wdzy@2x.png in Resources */ = {isa = PBXBuildFile; fileRef = E94107781AA1B25D002D78B2 /* icon_wdzy@2x.png */; };
		E94107801AA1B25D002D78B2 /* icon_wyfx@2x.png in Resources */ = {isa = PBXBuildFile; fileRef = E94107791AA1B25D002D78B2 /* icon_wyfx@2x.png */; };
		E941078C1AA2E4CC002D78B2 /* error@2x.png in Resources */ = {isa = PBXBuildFile; fileRef = E941078B1AA2E4CC002D78B2 /* error@2x.png */; };
		E94107A31AA563CD002D78B2 /* ReformIdeaViewController.m in Sources */ = {isa = PBXBuildFile; fileRef = E94107A21AA563CD002D78B2 /* ReformIdeaViewController.m */; };
		E97258241A888D3500F0ABB8 /* LoginViewController.m in Sources */ = {isa = PBXBuildFile; fileRef = E97258231A888D3500F0ABB8 /* LoginViewController.m */; };
		E97258271A888EB700F0ABB8 /* Default-568h@2x.png in Resources */ = {isa = PBXBuildFile; fileRef = E97258261A888EB700F0ABB8 /* Default-568h@2x.png */; };
		E972582C1A88A14F00F0ABB8 /* checkbox-checked@2x.png in Resources */ = {isa = PBXBuildFile; fileRef = E972582A1A88A14F00F0ABB8 /* checkbox-checked@2x.png */; };
		E972582D1A88A14F00F0ABB8 /* checkbox-unchecked@2x.png in Resources */ = {isa = PBXBuildFile; fileRef = E972582B1A88A14F00F0ABB8 /* checkbox-unchecked@2x.png */; };
		E97258361A88A49400F0ABB8 /* icon_more_all@2x.png in Resources */ = {isa = PBXBuildFile; fileRef = E97258311A88A49400F0ABB8 /* icon_more_all@2x.png */; };
		E972583A1A88B8D400F0ABB8 /* RegisterViewController.m in Sources */ = {isa = PBXBuildFile; fileRef = E97258391A88B8D400F0ABB8 /* RegisterViewController.m */; };
		E97258511A89A41E00F0ABB8 /* icon_brbz@2x.png in Resources */ = {isa = PBXBuildFile; fileRef = E972584C1A89A41E00F0ABB8 /* icon_brbz@2x.png */; };
		E97258521A89A41E00F0ABB8 /* icon_chuizi@2x.png in Resources */ = {isa = PBXBuildFile; fileRef = E972584D1A89A41E00F0ABB8 /* icon_chuizi@2x.png */; };
		E97258561A89A96300F0ABB8 /* ProContentViewController.m in Sources */ = {isa = PBXBuildFile; fileRef = E97258551A89A96300F0ABB8 /* ProContentViewController.m */; };
		E97258B61A89A9EF00F0ABB8 /* btn_logo@2x.png in Resources */ = {isa = PBXBuildFile; fileRef = E97258B51A89A9EF00F0ABB8 /* btn_logo@2x.png */; };
		E98190701A884BC20025F284 /* MyNavigationViewController.m in Sources */ = {isa = PBXBuildFile; fileRef = E981906F1A884BC20025F284 /* MyNavigationViewController.m */; };
		E98190741A8850030025F284 /* IAlsoPressViewController.m in Sources */ = {isa = PBXBuildFile; fileRef = E98190731A8850030025F284 /* IAlsoPressViewController.m */; };
		E98190771A8851D60025F284 /* IoccupyViewController.m in Sources */ = {isa = PBXBuildFile; fileRef = E98190761A8851D60025F284 /* IoccupyViewController.m */; };
		E981907A1A8852110025F284 /* ISavedViewController.m in Sources */ = {isa = PBXBuildFile; fileRef = E98190791A8852110025F284 /* ISavedViewController.m */; };
		E981907D1A88526E0025F284 /* IChangedViewController.m in Sources */ = {isa = PBXBuildFile; fileRef = E981907C1A88526E0025F284 /* IChangedViewController.m */; };
		E98190861A885DF30025F284 /* icon_wbzd@2x.png in Resources */ = {isa = PBXBuildFile; fileRef = E98190831A885DF30025F284 /* icon_wbzd@2x.png */; };
		E98190871A885DF30025F284 /* icon_wgzd@2x.png in Resources */ = {isa = PBXBuildFile; fileRef = E98190841A885DF30025F284 /* icon_wgzd@2x.png */; };
		E98190881A885DF30025F284 /* icon_wscd@2x.png in Resources */ = {isa = PBXBuildFile; fileRef = E98190851A885DF30025F284 /* icon_wscd@2x.png */; };
		E981908E1A885FBB0025F284 /* CircleView.m in Sources */ = {isa = PBXBuildFile; fileRef = E981908B1A885FBB0025F284 /* CircleView.m */; settings = {COMPILER_FLAGS = "-fno-objc-arc"; }; };
		E981908F1A885FBB0025F284 /* EGORefreshTableHeaderView.m in Sources */ = {isa = PBXBuildFile; fileRef = E981908D1A885FBB0025F284 /* EGORefreshTableHeaderView.m */; settings = {COMPILER_FLAGS = "-fno-objc-arc"; }; };
		E98190A31A886E5E0025F284 /* SDImageCache.m in Sources */ = {isa = PBXBuildFile; fileRef = E98190921A886E5E0025F284 /* SDImageCache.m */; settings = {COMPILER_FLAGS = "-fno-objc-arc"; }; };
		E98190A41A886E5E0025F284 /* SDWebImageDecoder.m in Sources */ = {isa = PBXBuildFile; fileRef = E98190961A886E5E0025F284 /* SDWebImageDecoder.m */; settings = {COMPILER_FLAGS = "-fno-objc-arc"; }; };
		E98190A51A886E5E0025F284 /* SDWebImageDownloader.m in Sources */ = {isa = PBXBuildFile; fileRef = E98190981A886E5E0025F284 /* SDWebImageDownloader.m */; settings = {COMPILER_FLAGS = "-fno-objc-arc"; }; };
		E98190A61A886E5E0025F284 /* SDWebImageManager.m in Sources */ = {isa = PBXBuildFile; fileRef = E981909B1A886E5E0025F284 /* SDWebImageManager.m */; settings = {COMPILER_FLAGS = "-fno-objc-arc"; }; };
		E98190A71A886E5E0025F284 /* SDWebImagePrefetcher.m in Sources */ = {isa = PBXBuildFile; fileRef = E981909E1A886E5E0025F284 /* SDWebImagePrefetcher.m */; settings = {COMPILER_FLAGS = "-fno-objc-arc"; }; };
		E98190A81A886E5E0025F284 /* UIButton+WebCache.m in Sources */ = {isa = PBXBuildFile; fileRef = E98190A01A886E5E0025F284 /* UIButton+WebCache.m */; settings = {COMPILER_FLAGS = "-fno-objc-arc"; }; };
		E98190A91A886E5E0025F284 /* UIImageView+WebCache.m in Sources */ = {isa = PBXBuildFile; fileRef = E98190A21A886E5E0025F284 /* UIImageView+WebCache.m */; settings = {COMPILER_FLAGS = "-fno-objc-arc"; }; };
		E98C48E21A8B378700287EF8 /* InteractivePageViewController.m in Sources */ = {isa = PBXBuildFile; fileRef = E98C48E11A8B378700287EF8 /* InteractivePageViewController.m */; };
		E98C48E71A8B68DB00287EF8 /* InteractivePageViewController1.m in Sources */ = {isa = PBXBuildFile; fileRef = E98C48E41A8B68DB00287EF8 /* InteractivePageViewController1.m */; };
		E98C48E81A8B68DB00287EF8 /* InteractivePageViewController2.m in Sources */ = {isa = PBXBuildFile; fileRef = E98C48E61A8B68DB00287EF8 /* InteractivePageViewController2.m */; };
		E98C48ED1A8B761F00287EF8 /* NumberChooseViewController.m in Sources */ = {isa = PBXBuildFile; fileRef = E98C48EC1A8B761F00287EF8 /* NumberChooseViewController.m */; };
		E98C48F01A8B794800287EF8 /* WaitPageViewController.m in Sources */ = {isa = PBXBuildFile; fileRef = E98C48EF1A8B794800287EF8 /* WaitPageViewController.m */; };
		E98C48F21A8B7BA300287EF8 /* gif.gif in Resources */ = {isa = PBXBuildFile; fileRef = E98C48F11A8B7BA300287EF8 /* gif.gif */; };
		E98C48F61A8C448800287EF8 /* IdeaGenerateViewController.m in Sources */ = {isa = PBXBuildFile; fileRef = E98C48F51A8C448800287EF8 /* IdeaGenerateViewController.m */; };
		E9F0E0D71A8C862100CAC9E1 /* ImageViewCell.m in Sources */ = {isa = PBXBuildFile; fileRef = E9F0E0D21A8C862100CAC9E1 /* ImageViewCell.m */; settings = {COMPILER_FLAGS = "-fno-objc-arc"; }; };
		E9F0E0D81A8C862100CAC9E1 /* WaterFlowView.m in Sources */ = {isa = PBXBuildFile; fileRef = E9F0E0D41A8C862100CAC9E1 /* WaterFlowView.m */; settings = {COMPILER_FLAGS = "-fno-objc-arc"; }; };
		E9F0E0D91A8C862100CAC9E1 /* WaterFlowViewCell.m in Sources */ = {isa = PBXBuildFile; fileRef = E9F0E0D61A8C862100CAC9E1 /* WaterFlowViewCell.m */; settings = {COMPILER_FLAGS = "-fno-objc-arc"; }; };
		E9F0E0DC1A8C8AF500CAC9E1 /* JsonResult.m in Sources */ = {isa = PBXBuildFile; fileRef = E9F0E0DB1A8C8AF500CAC9E1 /* JsonResult.m */; };
		E9F0E0DF1A8C93BE00CAC9E1 /* WaterFlowObj.m in Sources */ = {isa = PBXBuildFile; fileRef = E9F0E0DE1A8C93BE00CAC9E1 /* WaterFlowObj.m */; };
		E9F0E0E21A8CD5FB00CAC9E1 /* MyUIImageView.m in Sources */ = {isa = PBXBuildFile; fileRef = E9F0E0E11A8CD5FB00CAC9E1 /* MyUIImageView.m */; };
/* End PBXBuildFile section */

/* Begin PBXFileReference section */
		89AC5C601AA15434005DA279 /* IdeaDetailViewController.h */ = {isa = PBXFileReference; fileEncoding = 4; lastKnownFileType = sourcecode.c.h; path = IdeaDetailViewController.h; sourceTree = "<group>"; };
		89AC5C611AA15434005DA279 /* IdeaDetailViewController.m */ = {isa = PBXFileReference; fileEncoding = 4; lastKnownFileType = sourcecode.c.objc; path = IdeaDetailViewController.m; sourceTree = "<group>"; };
		89AC5C631AA1544B005DA279 /* MychangedCell.h */ = {isa = PBXFileReference; fileEncoding = 4; lastKnownFileType = sourcecode.c.h; path = MychangedCell.h; sourceTree = "<group>"; };
		89AC5C641AA1544B005DA279 /* MychangedCell.m */ = {isa = PBXFileReference; fileEncoding = 4; lastKnownFileType = sourcecode.c.objc; path = MychangedCell.m; sourceTree = "<group>"; };
		89AC5C651AA1544B005DA279 /* MysaveCell.h */ = {isa = PBXFileReference; fileEncoding = 4; lastKnownFileType = sourcecode.c.h; path = MysaveCell.h; sourceTree = "<group>"; };
		89AC5C661AA1544B005DA279 /* MysaveCell.m */ = {isa = PBXFileReference; fileEncoding = 4; lastKnownFileType = sourcecode.c.objc; path = MysaveCell.m; sourceTree = "<group>"; };
		89AC5C691AA1548B005DA279 /* MytoolviewCell.h */ = {isa = PBXFileReference; fileEncoding = 4; lastKnownFileType = sourcecode.c.h; path = MytoolviewCell.h; sourceTree = "<group>"; };
		89AC5C6A1AA1548B005DA279 /* MytoolviewCell.m */ = {isa = PBXFileReference; fileEncoding = 4; lastKnownFileType = sourcecode.c.objc; path = MytoolviewCell.m; sourceTree = "<group>"; };
		89AC5C6C1AA154A4005DA279 /* MyToolView.h */ = {isa = PBXFileReference; fileEncoding = 4; lastKnownFileType = sourcecode.c.h; path = MyToolView.h; sourceTree = "<group>"; };
		89AC5C6D1AA154A4005DA279 /* MyToolView.m */ = {isa = PBXFileReference; fileEncoding = 4; lastKnownFileType = sourcecode.c.objc; path = MyToolView.m; sourceTree = "<group>"; };
		89AC5C6F1AA165D6005DA279 /* userheader@2x.png */ = {isa = PBXFileReference; lastKnownFileType = image.png; path = "userheader@2x.png"; sourceTree = "<group>"; };
		89AC5C761AA1C1CF005DA279 /* btn_close@2x.png */ = {isa = PBXFileReference; lastKnownFileType = image.png; path = "btn_close@2x.png"; sourceTree = "<group>"; };
		89AF6B361AA3FD4C004F88F1 /* icon_jiantou_zuo@2x.png */ = {isa = PBXFileReference; lastKnownFileType = image.png; path = "icon_jiantou_zuo@2x.png"; sourceTree = "<group>"; };
		89AF6B381AA45D9D004F88F1 /* icon_aixin.png */ = {isa = PBXFileReference; lastKnownFileType = image.png; path = icon_aixin.png; sourceTree = "<group>"; };
		89AF6B391AA45D9D004F88F1 /* icon_qipao.png */ = {isa = PBXFileReference; lastKnownFileType = image.png; path = icon_qipao.png; sourceTree = "<group>"; };
		89BF1FEF1AA556780085CD58 /* IoccupyDetailViewController.h */ = {isa = PBXFileReference; fileEncoding = 4; lastKnownFileType = sourcecode.c.h; path = IoccupyDetailViewController.h; sourceTree = "<group>"; };
		89BF1FF01AA556780085CD58 /* IoccupyDetailViewController.m */ = {isa = PBXFileReference; fileEncoding = 4; lastKnownFileType = sourcecode.c.objc; path = IoccupyDetailViewController.m; sourceTree = "<group>"; };
		E91E774D1A849E87000174D4 /* ideabutton.app */ = {isa = PBXFileReference; explicitFileType = wrapper.application; includeInIndex = 0; path = ideabutton.app; sourceTree = BUILT_PRODUCTS_DIR; };
		E91E77511A849E87000174D4 /* Info.plist */ = {isa = PBXFileReference; lastKnownFileType = text.plist.xml; path = Info.plist; sourceTree = "<group>"; };
		E91E77521A849E87000174D4 /* main.m */ = {isa = PBXFileReference; lastKnownFileType = sourcecode.c.objc; path = main.m; sourceTree = "<group>"; };
		E91E77541A849E87000174D4 /* AppDelegate.h */ = {isa = PBXFileReference; lastKnownFileType = sourcecode.c.h; path = AppDelegate.h; sourceTree = "<group>"; };
		E91E77551A849E87000174D4 /* AppDelegate.m */ = {isa = PBXFileReference; lastKnownFileType = sourcecode.c.objc; path = AppDelegate.m; sourceTree = "<group>"; };
		E91E775D1A849E87000174D4 /* Images.xcassets */ = {isa = PBXFileReference; lastKnownFileType = folder.assetcatalog; path = Images.xcassets; sourceTree = "<group>"; };
		E91E77761A84A6FA000174D4 /* MainViewController.h */ = {isa = PBXFileReference; fileEncoding = 4; lastKnownFileType = sourcecode.c.h; path = MainViewController.h; sourceTree = "<group>"; };
		E91E77771A84A6FA000174D4 /* MainViewController.m */ = {isa = PBXFileReference; fileEncoding = 4; lastKnownFileType = sourcecode.c.objc; path = MainViewController.m; sourceTree = "<group>"; };
		E91E777E1A84A7D3000174D4 /* Config.h */ = {isa = PBXFileReference; fileEncoding = 4; lastKnownFileType = sourcecode.c.h; path = Config.h; sourceTree = "<group>"; };
		E91E77811A84A7EB000174D4 /* Global.h */ = {isa = PBXFileReference; fileEncoding = 4; lastKnownFileType = sourcecode.c.h; path = Global.h; sourceTree = "<group>"; };
		E91E77821A84A7EB000174D4 /* Global.m */ = {isa = PBXFileReference; fileEncoding = 4; lastKnownFileType = sourcecode.c.objc; path = Global.m; sourceTree = "<group>"; };
		E91E77881A84A8CD000174D4 /* ASIAuthenticationDialog.h */ = {isa = PBXFileReference; fileEncoding = 4; lastKnownFileType = sourcecode.c.h; path = ASIAuthenticationDialog.h; sourceTree = "<group>"; };
		E91E77891A84A8CD000174D4 /* ASIAuthenticationDialog.m */ = {isa = PBXFileReference; fileEncoding = 4; lastKnownFileType = sourcecode.c.objc; path = ASIAuthenticationDialog.m; sourceTree = "<group>"; };
		E91E778A1A84A8CD000174D4 /* ASICacheDelegate.h */ = {isa = PBXFileReference; fileEncoding = 4; lastKnownFileType = sourcecode.c.h; path = ASICacheDelegate.h; sourceTree = "<group>"; };
		E91E778B1A84A8CD000174D4 /* ASIDataCompressor.h */ = {isa = PBXFileReference; fileEncoding = 4; lastKnownFileType = sourcecode.c.h; path = ASIDataCompressor.h; sourceTree = "<group>"; };
		E91E778C1A84A8CD000174D4 /* ASIDataCompressor.m */ = {isa = PBXFileReference; fileEncoding = 4; lastKnownFileType = sourcecode.c.objc; path = ASIDataCompressor.m; sourceTree = "<group>"; };
		E91E778D1A84A8CD000174D4 /* ASIDataDecompressor.h */ = {isa = PBXFileReference; fileEncoding = 4; lastKnownFileType = sourcecode.c.h; path = ASIDataDecompressor.h; sourceTree = "<group>"; };
		E91E778E1A84A8CD000174D4 /* ASIDataDecompressor.m */ = {isa = PBXFileReference; fileEncoding = 4; lastKnownFileType = sourcecode.c.objc; path = ASIDataDecompressor.m; sourceTree = "<group>"; };
		E91E778F1A84A8CD000174D4 /* ASIDownloadCache.h */ = {isa = PBXFileReference; fileEncoding = 4; lastKnownFileType = sourcecode.c.h; path = ASIDownloadCache.h; sourceTree = "<group>"; };
		E91E77901A84A8CD000174D4 /* ASIDownloadCache.m */ = {isa = PBXFileReference; fileEncoding = 4; lastKnownFileType = sourcecode.c.objc; path = ASIDownloadCache.m; sourceTree = "<group>"; };
		E91E77911A84A8CD000174D4 /* ASIFormDataRequest.h */ = {isa = PBXFileReference; fileEncoding = 4; lastKnownFileType = sourcecode.c.h; path = ASIFormDataRequest.h; sourceTree = "<group>"; };
		E91E77921A84A8CD000174D4 /* ASIFormDataRequest.m */ = {isa = PBXFileReference; fileEncoding = 4; lastKnownFileType = sourcecode.c.objc; path = ASIFormDataRequest.m; sourceTree = "<group>"; };
		E91E77931A84A8CD000174D4 /* ASIHTTPRequest.h */ = {isa = PBXFileReference; fileEncoding = 4; lastKnownFileType = sourcecode.c.h; path = ASIHTTPRequest.h; sourceTree = "<group>"; };
		E91E77941A84A8CD000174D4 /* ASIHTTPRequest.m */ = {isa = PBXFileReference; fileEncoding = 4; lastKnownFileType = sourcecode.c.objc; path = ASIHTTPRequest.m; sourceTree = "<group>"; };
		E91E77951A84A8CD000174D4 /* ASIHTTPRequestConfig.h */ = {isa = PBXFileReference; fileEncoding = 4; lastKnownFileType = sourcecode.c.h; path = ASIHTTPRequestConfig.h; sourceTree = "<group>"; };
		E91E77961A84A8CD000174D4 /* ASIHTTPRequestDelegate.h */ = {isa = PBXFileReference; fileEncoding = 4; lastKnownFileType = sourcecode.c.h; path = ASIHTTPRequestDelegate.h; sourceTree = "<group>"; };
		E91E77971A84A8CD000174D4 /* ASIInputStream.h */ = {isa = PBXFileReference; fileEncoding = 4; lastKnownFileType = sourcecode.c.h; path = ASIInputStream.h; sourceTree = "<group>"; };
		E91E77981A84A8CD000174D4 /* ASIInputStream.m */ = {isa = PBXFileReference; fileEncoding = 4; lastKnownFileType = sourcecode.c.objc; path = ASIInputStream.m; sourceTree = "<group>"; };
		E91E77991A84A8CD000174D4 /* ASINetworkQueue.h */ = {isa = PBXFileReference; fileEncoding = 4; lastKnownFileType = sourcecode.c.h; path = ASINetworkQueue.h; sourceTree = "<group>"; };
		E91E779A1A84A8CD000174D4 /* ASINetworkQueue.m */ = {isa = PBXFileReference; fileEncoding = 4; lastKnownFileType = sourcecode.c.objc; path = ASINetworkQueue.m; sourceTree = "<group>"; };
		E91E779B1A84A8CD000174D4 /* ASIProgressDelegate.h */ = {isa = PBXFileReference; fileEncoding = 4; lastKnownFileType = sourcecode.c.h; path = ASIProgressDelegate.h; sourceTree = "<group>"; };
		E91E779C1A84A8CD000174D4 /* Reachability.h */ = {isa = PBXFileReference; fileEncoding = 4; lastKnownFileType = sourcecode.c.h; path = Reachability.h; sourceTree = "<group>"; };
		E91E779D1A84A8CD000174D4 /* Reachability.m */ = {isa = PBXFileReference; fileEncoding = 4; lastKnownFileType = sourcecode.c.objc; path = Reachability.m; sourceTree = "<group>"; };
		E91E77A81A84A988000174D4 /* SystemConfiguration.framework */ = {isa = PBXFileReference; lastKnownFileType = wrapper.framework; name = SystemConfiguration.framework; path = System/Library/Frameworks/SystemConfiguration.framework; sourceTree = SDKROOT; };
		E91E77AA1A84A9A4000174D4 /* CFNetwork.framework */ = {isa = PBXFileReference; lastKnownFileType = wrapper.framework; name = CFNetwork.framework; path = System/Library/Frameworks/CFNetwork.framework; sourceTree = SDKROOT; };
		E91E77AC1A84A9AF000174D4 /* Security.framework */ = {isa = PBXFileReference; lastKnownFileType = wrapper.framework; name = Security.framework; path = System/Library/Frameworks/Security.framework; sourceTree = SDKROOT; };
		E91E77AE1A84A9BB000174D4 /* libobjc.dylib */ = {isa = PBXFileReference; lastKnownFileType = "compiled.mach-o.dylib"; name = libobjc.dylib; path = usr/lib/libobjc.dylib; sourceTree = SDKROOT; };
		E91E77B01A84A9D1000174D4 /* libz.dylib */ = {isa = PBXFileReference; lastKnownFileType = "compiled.mach-o.dylib"; name = libz.dylib; path = usr/lib/libz.dylib; sourceTree = SDKROOT; };
		E91E77B21A84A9DA000174D4 /* MobileCoreServices.framework */ = {isa = PBXFileReference; lastKnownFileType = wrapper.framework; name = MobileCoreServices.framework; path = System/Library/Frameworks/MobileCoreServices.framework; sourceTree = SDKROOT; };
		E91E77B41A84A9E3000174D4 /* libxml2.dylib */ = {isa = PBXFileReference; lastKnownFileType = "compiled.mach-o.dylib"; name = libxml2.dylib; path = usr/lib/libxml2.dylib; sourceTree = SDKROOT; };
		E91E77B61A84B0EE000174D4 /* BaseCell.h */ = {isa = PBXFileReference; fileEncoding = 4; lastKnownFileType = sourcecode.c.h; path = BaseCell.h; sourceTree = "<group>"; };
		E91E77B71A84B0EE000174D4 /* BaseCell.m */ = {isa = PBXFileReference; fileEncoding = 4; lastKnownFileType = sourcecode.c.objc; path = BaseCell.m; sourceTree = "<group>"; };
		E91E77B91A84B12C000174D4 /* BaseEntity.h */ = {isa = PBXFileReference; fileEncoding = 4; lastKnownFileType = sourcecode.c.h; path = BaseEntity.h; sourceTree = "<group>"; };
		E91E77BA1A84B12C000174D4 /* BaseEntity.m */ = {isa = PBXFileReference; fileEncoding = 4; lastKnownFileType = sourcecode.c.objc; path = BaseEntity.m; sourceTree = "<group>"; };
		E91E77BD1A84B143000174D4 /* NSObject+RMArchivable.h */ = {isa = PBXFileReference; fileEncoding = 4; lastKnownFileType = sourcecode.c.h; path = "NSObject+RMArchivable.h"; sourceTree = "<group>"; };
		E91E77BE1A84B143000174D4 /* NSObject+RMArchivable.m */ = {isa = PBXFileReference; fileEncoding = 4; lastKnownFileType = sourcecode.c.objc; path = "NSObject+RMArchivable.m"; sourceTree = "<group>"; };
		E91E77BF1A84B143000174D4 /* NSObject+RMCopyable.h */ = {isa = PBXFileReference; fileEncoding = 4; lastKnownFileType = sourcecode.c.h; path = "NSObject+RMCopyable.h"; sourceTree = "<group>"; };
		E91E77C01A84B143000174D4 /* NSObject+RMCopyable.m */ = {isa = PBXFileReference; fileEncoding = 4; lastKnownFileType = sourcecode.c.objc; path = "NSObject+RMCopyable.m"; sourceTree = "<group>"; };
		E91E77C11A84B143000174D4 /* NSUserDefaults+RMSaveCustomObject.h */ = {isa = PBXFileReference; fileEncoding = 4; lastKnownFileType = sourcecode.c.h; path = "NSUserDefaults+RMSaveCustomObject.h"; sourceTree = "<group>"; };
		E91E77C21A84B143000174D4 /* NSUserDefaults+RMSaveCustomObject.m */ = {isa = PBXFileReference; fileEncoding = 4; lastKnownFileType = sourcecode.c.objc; path = "NSUserDefaults+RMSaveCustomObject.m"; sourceTree = "<group>"; };
		E91E77C31A84B143000174D4 /* RMMapper.h */ = {isa = PBXFileReference; fileEncoding = 4; lastKnownFileType = sourcecode.c.h; path = RMMapper.h; sourceTree = "<group>"; };
		E91E77C41A84B143000174D4 /* RMMapper.m */ = {isa = PBXFileReference; fileEncoding = 4; lastKnownFileType = sourcecode.c.objc; path = RMMapper.m; sourceTree = "<group>"; };
		E91E77C91A84B1C2000174D4 /* MyBaseViewController.h */ = {isa = PBXFileReference; fileEncoding = 4; lastKnownFileType = sourcecode.c.h; path = MyBaseViewController.h; sourceTree = "<group>"; };
		E91E77CA1A84B1C2000174D4 /* MyBaseViewController.m */ = {isa = PBXFileReference; fileEncoding = 4; lastKnownFileType = sourcecode.c.objc; path = MyBaseViewController.m; sourceTree = "<group>"; };
		E91E77CB1A84B1C2000174D4 /* MyUIButton.h */ = {isa = PBXFileReference; fileEncoding = 4; lastKnownFileType = sourcecode.c.h; path = MyUIButton.h; sourceTree = "<group>"; };
		E91E77CC1A84B1C2000174D4 /* MyUIButton.m */ = {isa = PBXFileReference; fileEncoding = 4; lastKnownFileType = sourcecode.c.objc; path = MyUIButton.m; sourceTree = "<group>"; };
		E91E77CD1A84B1C2000174D4 /* MyUILabel.h */ = {isa = PBXFileReference; fileEncoding = 4; lastKnownFileType = sourcecode.c.h; path = MyUILabel.h; sourceTree = "<group>"; };
		E91E77CE1A84B1C2000174D4 /* MyUILabel.m */ = {isa = PBXFileReference; fileEncoding = 4; lastKnownFileType = sourcecode.c.objc; path = MyUILabel.m; sourceTree = "<group>"; };
		E932E5481AB7BE6A00839FA4 /* ForgetPswViewController.h */ = {isa = PBXFileReference; fileEncoding = 4; lastKnownFileType = sourcecode.c.h; path = ForgetPswViewController.h; sourceTree = "<group>"; };
		E932E5491AB7BE6A00839FA4 /* ForgetPswViewController.m */ = {isa = PBXFileReference; fileEncoding = 4; lastKnownFileType = sourcecode.c.objc; path = ForgetPswViewController.m; sourceTree = "<group>"; };
		E932E56D1AB913F100839FA4 /* forgetPSW */ = {isa = PBXFileReference; lastKnownFileType = folder; path = forgetPSW; sourceTree = "<group>"; };
		E932E56E1AB913F100839FA4 /* login */ = {isa = PBXFileReference; lastKnownFileType = folder; path = login; sourceTree = "<group>"; };
		E932E56F1AB913F100839FA4 /* public */ = {isa = PBXFileReference; lastKnownFileType = folder; path = public; sourceTree = "<group>"; };
		E932E5701AB913F100839FA4 /* register */ = {isa = PBXFileReference; lastKnownFileType = folder; path = register; sourceTree = "<group>"; };
		E932E5751AB9146600839FA4 /* ideaRuleChoose */ = {isa = PBXFileReference; lastKnownFileType = folder; path = ideaRuleChoose; sourceTree = "<group>"; };
		E932E5771AB9245300839FA4 /* ideaCreate */ = {isa = PBXFileReference; lastKnownFileType = folder; path = ideaCreate; sourceTree = "<group>"; };
		E94107421A91B666002D78B2 /* API.h */ = {isa = PBXFileReference; fileEncoding = 4; lastKnownFileType = sourcecode.c.h; path = API.h; sourceTree = "<group>"; };
		E94107431A91B666002D78B2 /* API.m */ = {isa = PBXFileReference; fileEncoding = 4; lastKnownFileType = sourcecode.c.objc; path = API.m; sourceTree = "<group>"; };
		E94107451A91B72E002D78B2 /* Base64.h */ = {isa = PBXFileReference; fileEncoding = 4; lastKnownFileType = sourcecode.c.h; path = Base64.h; sourceTree = "<group>"; };
		E94107461A91B72E002D78B2 /* Base64.m */ = {isa = PBXFileReference; fileEncoding = 4; lastKnownFileType = sourcecode.c.objc; path = Base64.m; sourceTree = "<group>"; };
		E94107481A91B850002D78B2 /* DB.h */ = {isa = PBXFileReference; fileEncoding = 4; lastKnownFileType = sourcecode.c.h; path = DB.h; sourceTree = "<group>"; };
		E94107491A91B850002D78B2 /* DB.m */ = {isa = PBXFileReference; fileEncoding = 4; lastKnownFileType = sourcecode.c.objc; path = DB.m; sourceTree = "<group>"; };
		E941074C1A91B949002D78B2 /* ZTModel.h */ = {isa = PBXFileReference; fileEncoding = 4; lastKnownFileType = sourcecode.c.h; path = ZTModel.h; sourceTree = "<group>"; };
		E941074F1A91BA19002D78B2 /* APLevelDB.h */ = {isa = PBXFileReference; fileEncoding = 4; lastKnownFileType = sourcecode.c.h; name = APLevelDB.h; path = leveldb/APLevelDB.h; sourceTree = "<group>"; };
		E94107501A91BA19002D78B2 /* APLevelDB.mm */ = {isa = PBXFileReference; fileEncoding = 4; lastKnownFileType = sourcecode.cpp.objcpp; name = APLevelDB.mm; path = leveldb/APLevelDB.mm; sourceTree = "<group>"; };
		E94107511A91BA19002D78B2 /* libleveldb.a */ = {isa = PBXFileReference; lastKnownFileType = archive.ar; name = libleveldb.a; path = libs/libleveldb.a; sourceTree = "<group>"; };
		E94107561A91BB54002D78B2 /* c.h */ = {isa = PBXFileReference; fileEncoding = 4; lastKnownFileType = sourcecode.c.h; path = c.h; sourceTree = "<group>"; };
		E94107571A91BB54002D78B2 /* cache.h */ = {isa = PBXFileReference; fileEncoding = 4; lastKnownFileType = sourcecode.c.h; path = cache.h; sourceTree = "<group>"; };
		E94107581A91BB54002D78B2 /* comparator.h */ = {isa = PBXFileReference; fileEncoding = 4; lastKnownFileType = sourcecode.c.h; path = comparator.h; sourceTree = "<group>"; };
		E94107591A91BB54002D78B2 /* db.h */ = {isa = PBXFileReference; fileEncoding = 4; lastKnownFileType = sourcecode.c.h; path = db.h; sourceTree = "<group>"; };
		E941075A1A91BB54002D78B2 /* env.h */ = {isa = PBXFileReference; fileEncoding = 4; lastKnownFileType = sourcecode.c.h; path = env.h; sourceTree = "<group>"; };
		E941075B1A91BB54002D78B2 /* filter_policy.h */ = {isa = PBXFileReference; fileEncoding = 4; lastKnownFileType = sourcecode.c.h; path = filter_policy.h; sourceTree = "<group>"; };
		E941075C1A91BB54002D78B2 /* iterator.h */ = {isa = PBXFileReference; fileEncoding = 4; lastKnownFileType = sourcecode.c.h; path = iterator.h; sourceTree = "<group>"; };
		E941075D1A91BB54002D78B2 /* options.h */ = {isa = PBXFileReference; fileEncoding = 4; lastKnownFileType = sourcecode.c.h; path = options.h; sourceTree = "<group>"; };
		E941075E1A91BB54002D78B2 /* slice.h */ = {isa = PBXFileReference; fileEncoding = 4; lastKnownFileType = sourcecode.c.h; path = slice.h; sourceTree = "<group>"; };
		E941075F1A91BB54002D78B2 /* status.h */ = {isa = PBXFileReference; fileEncoding = 4; lastKnownFileType = sourcecode.c.h; path = status.h; sourceTree = "<group>"; };
		E94107601A91BB54002D78B2 /* table.h */ = {isa = PBXFileReference; fileEncoding = 4; lastKnownFileType = sourcecode.c.h; path = table.h; sourceTree = "<group>"; };
		E94107611A91BB54002D78B2 /* table_builder.h */ = {isa = PBXFileReference; fileEncoding = 4; lastKnownFileType = sourcecode.c.h; path = table_builder.h; sourceTree = "<group>"; };
		E94107621A91BB54002D78B2 /* write_batch.h */ = {isa = PBXFileReference; fileEncoding = 4; lastKnownFileType = sourcecode.c.h; path = write_batch.h; sourceTree = "<group>"; };
		E94107641A91C75D002D78B2 /* User.m */ = {isa = PBXFileReference; fileEncoding = 4; lastKnownFileType = sourcecode.c.objc; path = User.m; sourceTree = "<group>"; };
		E94107671A91CC4A002D78B2 /* SVProgressHUD-Prefix.pch */ = {isa = PBXFileReference; fileEncoding = 4; lastKnownFileType = sourcecode.c.h; path = "SVProgressHUD-Prefix.pch"; sourceTree = "<group>"; };
		E94107681A91CC4A002D78B2 /* SVProgressHUD.bundle */ = {isa = PBXFileReference; lastKnownFileType = "wrapper.plug-in"; path = SVProgressHUD.bundle; sourceTree = "<group>"; };
		E94107691A91CC4A002D78B2 /* SVProgressHUD.h */ = {isa = PBXFileReference; fileEncoding = 4; lastKnownFileType = sourcecode.c.h; path = SVProgressHUD.h; sourceTree = "<group>"; };
		E941076A1A91CC4A002D78B2 /* SVProgressHUD.m */ = {isa = PBXFileReference; fileEncoding = 4; lastKnownFileType = sourcecode.c.objc; path = SVProgressHUD.m; sourceTree = "<group>"; };
		E941076F1AA1A62A002D78B2 /* icon_add@2x.png */ = {isa = PBXFileReference; lastKnownFileType = image.png; path = "icon_add@2x.png"; sourceTree = "<group>"; };
		E94107701AA1A62A002D78B2 /* icon_sc@2x.png */ = {isa = PBXFileReference; lastKnownFileType = image.png; path = "icon_sc@2x.png"; sourceTree = "<group>"; };
		E94107731AA1B25D002D78B2 /* icon_gfwb@2x.png */ = {isa = PBXFileReference; lastKnownFileType = image.png; path = "icon_gfwb@2x.png"; sourceTree = "<group>"; };
		E94107741AA1B25D002D78B2 /* icon_gfwx@2x.png */ = {isa = PBXFileReference; lastKnownFileType = image.png; path = "icon_gfwx@2x.png"; sourceTree = "<group>"; };
		E94107751AA1B25D002D78B2 /* icon_gfwz@2x.png */ = {isa = PBXFileReference; lastKnownFileType = image.png; path = "icon_gfwz@2x.png"; sourceTree = "<group>"; };
		E94107761AA1B25D002D78B2 /* icon_sysm@2x.png */ = {isa = PBXFileReference; lastKnownFileType = image.png; path = "icon_sysm@2x.png"; sourceTree = "<group>"; };
		E94107771AA1B25D002D78B2 /* icon_tcdl@2x.png */ = {isa = PBXFileReference; lastKnownFileType = image.png; path = "icon_tcdl@2x.png"; sourceTree = "<group>"; };
		E94107781AA1B25D002D78B2 /* icon_wdzy@2x.png */ = {isa = PBXFileReference; lastKnownFileType = image.png; path = "icon_wdzy@2x.png"; sourceTree = "<group>"; };
		E94107791AA1B25D002D78B2 /* icon_wyfx@2x.png */ = {isa = PBXFileReference; lastKnownFileType = image.png; path = "icon_wyfx@2x.png"; sourceTree = "<group>"; };
		E941078B1AA2E4CC002D78B2 /* error@2x.png */ = {isa = PBXFileReference; lastKnownFileType = image.png; path = "error@2x.png"; sourceTree = "<group>"; };
		E94107A11AA563CD002D78B2 /* ReformIdeaViewController.h */ = {isa = PBXFileReference; fileEncoding = 4; lastKnownFileType = sourcecode.c.h; path = ReformIdeaViewController.h; sourceTree = "<group>"; };
		E94107A21AA563CD002D78B2 /* ReformIdeaViewController.m */ = {isa = PBXFileReference; fileEncoding = 4; lastKnownFileType = sourcecode.c.objc; path = ReformIdeaViewController.m; sourceTree = "<group>"; };
		E97258231A888D3500F0ABB8 /* LoginViewController.m */ = {isa = PBXFileReference; fileEncoding = 4; lastKnownFileType = sourcecode.c.objc; path = LoginViewController.m; sourceTree = "<group>"; };
		E97258251A888D6600F0ABB8 /* LoginViewController.h */ = {isa = PBXFileReference; lastKnownFileType = sourcecode.c.h; path = LoginViewController.h; sourceTree = "<group>"; };
		E97258261A888EB700F0ABB8 /* Default-568h@2x.png */ = {isa = PBXFileReference; lastKnownFileType = image.png; path = "Default-568h@2x.png"; sourceTree = "<group>"; };
		E972582A1A88A14F00F0ABB8 /* checkbox-checked@2x.png */ = {isa = PBXFileReference; lastKnownFileType = image.png; path = "checkbox-checked@2x.png"; sourceTree = "<group>"; };
		E972582B1A88A14F00F0ABB8 /* checkbox-unchecked@2x.png */ = {isa = PBXFileReference; lastKnownFileType = image.png; path = "checkbox-unchecked@2x.png"; sourceTree = "<group>"; };
		E97258311A88A49400F0ABB8 /* icon_more_all@2x.png */ = {isa = PBXFileReference; lastKnownFileType = image.png; path = "icon_more_all@2x.png"; sourceTree = "<group>"; };
		E97258381A88B8B200F0ABB8 /* RegisterViewController.h */ = {isa = PBXFileReference; lastKnownFileType = sourcecode.c.h; path = RegisterViewController.h; sourceTree = "<group>"; };
		E97258391A88B8D400F0ABB8 /* RegisterViewController.m */ = {isa = PBXFileReference; fileEncoding = 4; lastKnownFileType = sourcecode.c.objc; path = RegisterViewController.m; sourceTree = "<group>"; };
		E972584C1A89A41E00F0ABB8 /* icon_brbz@2x.png */ = {isa = PBXFileReference; lastKnownFileType = image.png; path = "icon_brbz@2x.png"; sourceTree = "<group>"; };
		E972584D1A89A41E00F0ABB8 /* icon_chuizi@2x.png */ = {isa = PBXFileReference; lastKnownFileType = image.png; path = "icon_chuizi@2x.png"; sourceTree = "<group>"; };
		E97258541A89A95000F0ABB8 /* ProContentViewController.h */ = {isa = PBXFileReference; lastKnownFileType = sourcecode.c.h; path = ProContentViewController.h; sourceTree = "<group>"; };
		E97258551A89A96300F0ABB8 /* ProContentViewController.m */ = {isa = PBXFileReference; fileEncoding = 4; lastKnownFileType = sourcecode.c.objc; path = ProContentViewController.m; sourceTree = "<group>"; };
		E97258B51A89A9EF00F0ABB8 /* btn_logo@2x.png */ = {isa = PBXFileReference; lastKnownFileType = image.png; path = "btn_logo@2x.png"; sourceTree = "<group>"; };
		E981906E1A884BC20025F284 /* MyNavigationViewController.h */ = {isa = PBXFileReference; fileEncoding = 4; lastKnownFileType = sourcecode.c.h; path = MyNavigationViewController.h; sourceTree = "<group>"; };
		E981906F1A884BC20025F284 /* MyNavigationViewController.m */ = {isa = PBXFileReference; fileEncoding = 4; lastKnownFileType = sourcecode.c.objc; path = MyNavigationViewController.m; sourceTree = "<group>"; };
		E98190721A8850030025F284 /* IAlsoPressViewController.h */ = {isa = PBXFileReference; fileEncoding = 4; lastKnownFileType = sourcecode.c.h; path = IAlsoPressViewController.h; sourceTree = "<group>"; };
		E98190731A8850030025F284 /* IAlsoPressViewController.m */ = {isa = PBXFileReference; fileEncoding = 4; lastKnownFileType = sourcecode.c.objc; path = IAlsoPressViewController.m; sourceTree = "<group>"; };
		E98190751A8851D60025F284 /* IoccupyViewController.h */ = {isa = PBXFileReference; fileEncoding = 4; lastKnownFileType = sourcecode.c.h; path = IoccupyViewController.h; sourceTree = "<group>"; };
		E98190761A8851D60025F284 /* IoccupyViewController.m */ = {isa = PBXFileReference; fileEncoding = 4; lastKnownFileType = sourcecode.c.objc; path = IoccupyViewController.m; sourceTree = "<group>"; };
		E98190781A8852110025F284 /* ISavedViewController.h */ = {isa = PBXFileReference; fileEncoding = 4; lastKnownFileType = sourcecode.c.h; path = ISavedViewController.h; sourceTree = "<group>"; };
		E98190791A8852110025F284 /* ISavedViewController.m */ = {isa = PBXFileReference; fileEncoding = 4; lastKnownFileType = sourcecode.c.objc; path = ISavedViewController.m; sourceTree = "<group>"; };
		E981907B1A88526E0025F284 /* IChangedViewController.h */ = {isa = PBXFileReference; fileEncoding = 4; lastKnownFileType = sourcecode.c.h; path = IChangedViewController.h; sourceTree = "<group>"; };
		E981907C1A88526E0025F284 /* IChangedViewController.m */ = {isa = PBXFileReference; fileEncoding = 4; lastKnownFileType = sourcecode.c.objc; path = IChangedViewController.m; sourceTree = "<group>"; };
		E98190831A885DF30025F284 /* icon_wbzd@2x.png */ = {isa = PBXFileReference; lastKnownFileType = image.png; path = "icon_wbzd@2x.png"; sourceTree = "<group>"; };
		E98190841A885DF30025F284 /* icon_wgzd@2x.png */ = {isa = PBXFileReference; lastKnownFileType = image.png; path = "icon_wgzd@2x.png"; sourceTree = "<group>"; };
		E98190851A885DF30025F284 /* icon_wscd@2x.png */ = {isa = PBXFileReference; lastKnownFileType = image.png; path = "icon_wscd@2x.png"; sourceTree = "<group>"; };
		E981908A1A885FBB0025F284 /* CircleView.h */ = {isa = PBXFileReference; fileEncoding = 4; lastKnownFileType = sourcecode.c.h; path = CircleView.h; sourceTree = "<group>"; };
		E981908B1A885FBB0025F284 /* CircleView.m */ = {isa = PBXFileReference; fileEncoding = 4; lastKnownFileType = sourcecode.c.objc; path = CircleView.m; sourceTree = "<group>"; };
		E981908C1A885FBB0025F284 /* EGORefreshTableHeaderView.h */ = {isa = PBXFileReference; fileEncoding = 4; lastKnownFileType = sourcecode.c.h; path = EGORefreshTableHeaderView.h; sourceTree = "<group>"; };
		E981908D1A885FBB0025F284 /* EGORefreshTableHeaderView.m */ = {isa = PBXFileReference; fileEncoding = 4; lastKnownFileType = sourcecode.c.objc; path = EGORefreshTableHeaderView.m; sourceTree = "<group>"; };
		E98190911A886E5E0025F284 /* SDImageCache.h */ = {isa = PBXFileReference; fileEncoding = 4; lastKnownFileType = sourcecode.c.h; path = SDImageCache.h; sourceTree = "<group>"; };
		E98190921A886E5E0025F284 /* SDImageCache.m */ = {isa = PBXFileReference; fileEncoding = 4; lastKnownFileType = sourcecode.c.objc; path = SDImageCache.m; sourceTree = "<group>"; };
		E98190931A886E5E0025F284 /* SDImageCacheDelegate.h */ = {isa = PBXFileReference; fileEncoding = 4; lastKnownFileType = sourcecode.c.h; path = SDImageCacheDelegate.h; sourceTree = "<group>"; };
		E98190941A886E5E0025F284 /* SDWebImageCompat.h */ = {isa = PBXFileReference; fileEncoding = 4; lastKnownFileType = sourcecode.c.h; path = SDWebImageCompat.h; sourceTree = "<group>"; };
		E98190951A886E5E0025F284 /* SDWebImageDecoder.h */ = {isa = PBXFileReference; fileEncoding = 4; lastKnownFileType = sourcecode.c.h; path = SDWebImageDecoder.h; sourceTree = "<group>"; };
		E98190961A886E5E0025F284 /* SDWebImageDecoder.m */ = {isa = PBXFileReference; fileEncoding = 4; lastKnownFileType = sourcecode.c.objc; path = SDWebImageDecoder.m; sourceTree = "<group>"; };
		E98190971A886E5E0025F284 /* SDWebImageDownloader.h */ = {isa = PBXFileReference; fileEncoding = 4; lastKnownFileType = sourcecode.c.h; path = SDWebImageDownloader.h; sourceTree = "<group>"; };
		E98190981A886E5E0025F284 /* SDWebImageDownloader.m */ = {isa = PBXFileReference; fileEncoding = 4; lastKnownFileType = sourcecode.c.objc; path = SDWebImageDownloader.m; sourceTree = "<group>"; };
		E98190991A886E5E0025F284 /* SDWebImageDownloaderDelegate.h */ = {isa = PBXFileReference; fileEncoding = 4; lastKnownFileType = sourcecode.c.h; path = SDWebImageDownloaderDelegate.h; sourceTree = "<group>"; };
		E981909A1A886E5E0025F284 /* SDWebImageManager.h */ = {isa = PBXFileReference; fileEncoding = 4; lastKnownFileType = sourcecode.c.h; path = SDWebImageManager.h; sourceTree = "<group>"; };
		E981909B1A886E5E0025F284 /* SDWebImageManager.m */ = {isa = PBXFileReference; fileEncoding = 4; lastKnownFileType = sourcecode.c.objc; path = SDWebImageManager.m; sourceTree = "<group>"; };
		E981909C1A886E5E0025F284 /* SDWebImageManagerDelegate.h */ = {isa = PBXFileReference; fileEncoding = 4; lastKnownFileType = sourcecode.c.h; path = SDWebImageManagerDelegate.h; sourceTree = "<group>"; };
		E981909D1A886E5E0025F284 /* SDWebImagePrefetcher.h */ = {isa = PBXFileReference; fileEncoding = 4; lastKnownFileType = sourcecode.c.h; path = SDWebImagePrefetcher.h; sourceTree = "<group>"; };
		E981909E1A886E5E0025F284 /* SDWebImagePrefetcher.m */ = {isa = PBXFileReference; fileEncoding = 4; lastKnownFileType = sourcecode.c.objc; path = SDWebImagePrefetcher.m; sourceTree = "<group>"; };
		E981909F1A886E5E0025F284 /* UIButton+WebCache.h */ = {isa = PBXFileReference; fileEncoding = 4; lastKnownFileType = sourcecode.c.h; path = "UIButton+WebCache.h"; sourceTree = "<group>"; };
		E98190A01A886E5E0025F284 /* UIButton+WebCache.m */ = {isa = PBXFileReference; fileEncoding = 4; lastKnownFileType = sourcecode.c.objc; path = "UIButton+WebCache.m"; sourceTree = "<group>"; };
		E98190A11A886E5E0025F284 /* UIImageView+WebCache.h */ = {isa = PBXFileReference; fileEncoding = 4; lastKnownFileType = sourcecode.c.h; path = "UIImageView+WebCache.h"; sourceTree = "<group>"; };
		E98190A21A886E5E0025F284 /* UIImageView+WebCache.m */ = {isa = PBXFileReference; fileEncoding = 4; lastKnownFileType = sourcecode.c.objc; path = "UIImageView+WebCache.m"; sourceTree = "<group>"; };
		E98C48E01A8B378700287EF8 /* InteractivePageViewController.h */ = {isa = PBXFileReference; fileEncoding = 4; lastKnownFileType = sourcecode.c.h; path = InteractivePageViewController.h; sourceTree = "<group>"; };
		E98C48E11A8B378700287EF8 /* InteractivePageViewController.m */ = {isa = PBXFileReference; fileEncoding = 4; lastKnownFileType = sourcecode.c.objc; path = InteractivePageViewController.m; sourceTree = "<group>"; };
		E98C48E31A8B68DB00287EF8 /* InteractivePageViewController1.h */ = {isa = PBXFileReference; fileEncoding = 4; lastKnownFileType = sourcecode.c.h; path = InteractivePageViewController1.h; sourceTree = "<group>"; };
		E98C48E41A8B68DB00287EF8 /* InteractivePageViewController1.m */ = {isa = PBXFileReference; fileEncoding = 4; lastKnownFileType = sourcecode.c.objc; path = InteractivePageViewController1.m; sourceTree = "<group>"; };
		E98C48E51A8B68DB00287EF8 /* InteractivePageViewController2.h */ = {isa = PBXFileReference; fileEncoding = 4; lastKnownFileType = sourcecode.c.h; path = InteractivePageViewController2.h; sourceTree = "<group>"; };
		E98C48E61A8B68DB00287EF8 /* InteractivePageViewController2.m */ = {isa = PBXFileReference; fileEncoding = 4; lastKnownFileType = sourcecode.c.objc; path = InteractivePageViewController2.m; sourceTree = "<group>"; };
		E98C48EB1A8B761F00287EF8 /* NumberChooseViewController.h */ = {isa = PBXFileReference; fileEncoding = 4; lastKnownFileType = sourcecode.c.h; path = NumberChooseViewController.h; sourceTree = "<group>"; };
		E98C48EC1A8B761F00287EF8 /* NumberChooseViewController.m */ = {isa = PBXFileReference; fileEncoding = 4; lastKnownFileType = sourcecode.c.objc; path = NumberChooseViewController.m; sourceTree = "<group>"; };
		E98C48EE1A8B794800287EF8 /* WaitPageViewController.h */ = {isa = PBXFileReference; fileEncoding = 4; lastKnownFileType = sourcecode.c.h; path = WaitPageViewController.h; sourceTree = "<group>"; };
		E98C48EF1A8B794800287EF8 /* WaitPageViewController.m */ = {isa = PBXFileReference; fileEncoding = 4; lastKnownFileType = sourcecode.c.objc; path = WaitPageViewController.m; sourceTree = "<group>"; };
		E98C48F11A8B7BA300287EF8 /* gif.gif */ = {isa = PBXFileReference; lastKnownFileType = image.gif; path = gif.gif; sourceTree = "<group>"; };
		E98C48F41A8C447100287EF8 /* IdeaGenerateViewController.h */ = {isa = PBXFileReference; lastKnownFileType = sourcecode.c.h; path = IdeaGenerateViewController.h; sourceTree = "<group>"; };
		E98C48F51A8C448800287EF8 /* IdeaGenerateViewController.m */ = {isa = PBXFileReference; fileEncoding = 4; lastKnownFileType = sourcecode.c.objc; path = IdeaGenerateViewController.m; sourceTree = "<group>"; };
		E9F0E0D11A8C862100CAC9E1 /* ImageViewCell.h */ = {isa = PBXFileReference; fileEncoding = 4; lastKnownFileType = sourcecode.c.h; path = ImageViewCell.h; sourceTree = "<group>"; };
		E9F0E0D21A8C862100CAC9E1 /* ImageViewCell.m */ = {isa = PBXFileReference; fileEncoding = 4; lastKnownFileType = sourcecode.c.objc; path = ImageViewCell.m; sourceTree = "<group>"; };
		E9F0E0D31A8C862100CAC9E1 /* WaterFlowView.h */ = {isa = PBXFileReference; fileEncoding = 4; lastKnownFileType = sourcecode.c.h; path = WaterFlowView.h; sourceTree = "<group>"; };
		E9F0E0D41A8C862100CAC9E1 /* WaterFlowView.m */ = {isa = PBXFileReference; fileEncoding = 4; lastKnownFileType = sourcecode.c.objc; path = WaterFlowView.m; sourceTree = "<group>"; };
		E9F0E0D51A8C862100CAC9E1 /* WaterFlowViewCell.h */ = {isa = PBXFileReference; fileEncoding = 4; lastKnownFileType = sourcecode.c.h; path = WaterFlowViewCell.h; sourceTree = "<group>"; };
		E9F0E0D61A8C862100CAC9E1 /* WaterFlowViewCell.m */ = {isa = PBXFileReference; fileEncoding = 4; lastKnownFileType = sourcecode.c.objc; path = WaterFlowViewCell.m; sourceTree = "<group>"; };
		E9F0E0DA1A8C8AF500CAC9E1 /* JsonResult.h */ = {isa = PBXFileReference; fileEncoding = 4; lastKnownFileType = sourcecode.c.h; path = JsonResult.h; sourceTree = "<group>"; };
		E9F0E0DB1A8C8AF500CAC9E1 /* JsonResult.m */ = {isa = PBXFileReference; fileEncoding = 4; lastKnownFileType = sourcecode.c.objc; path = JsonResult.m; sourceTree = "<group>"; };
		E9F0E0DD1A8C93BE00CAC9E1 /* WaterFlowObj.h */ = {isa = PBXFileReference; fileEncoding = 4; lastKnownFileType = sourcecode.c.h; path = WaterFlowObj.h; sourceTree = "<group>"; };
		E9F0E0DE1A8C93BE00CAC9E1 /* WaterFlowObj.m */ = {isa = PBXFileReference; fileEncoding = 4; lastKnownFileType = sourcecode.c.objc; path = WaterFlowObj.m; sourceTree = "<group>"; };
		E9F0E0E01A8CD5FB00CAC9E1 /* MyUIImageView.h */ = {isa = PBXFileReference; fileEncoding = 4; lastKnownFileType = sourcecode.c.h; path = MyUIImageView.h; sourceTree = "<group>"; };
		E9F0E0E11A8CD5FB00CAC9E1 /* MyUIImageView.m */ = {isa = PBXFileReference; fileEncoding = 4; lastKnownFileType = sourcecode.c.objc; path = MyUIImageView.m; sourceTree = "<group>"; };
/* End PBXFileReference section */

/* Begin PBXFrameworksBuildPhase section */
		E91E774A1A849E87000174D4 /* Frameworks */ = {
			isa = PBXFrameworksBuildPhase;
			buildActionMask = 2147483647;
			files = (
				E94107531A91BA19002D78B2 /* libleveldb.a in Frameworks */,
				E91E77B51A84A9E3000174D4 /* libxml2.dylib in Frameworks */,
				E91E77B31A84A9DA000174D4 /* MobileCoreServices.framework in Frameworks */,
				E91E77B11A84A9D1000174D4 /* libz.dylib in Frameworks */,
				E91E77AF1A84A9BB000174D4 /* libobjc.dylib in Frameworks */,
				E91E77AD1A84A9AF000174D4 /* Security.framework in Frameworks */,
				E91E77AB1A84A9A4000174D4 /* CFNetwork.framework in Frameworks */,
				E91E77A91A84A988000174D4 /* SystemConfiguration.framework in Frameworks */,
			);
			runOnlyForDeploymentPostprocessing = 0;
		};
/* End PBXFrameworksBuildPhase section */

/* Begin PBXGroup section */
		E91E77441A849E87000174D4 = {
			isa = PBXGroup;
			children = (
				E97258261A888EB700F0ABB8 /* Default-568h@2x.png */,
				E91E774F1A849E87000174D4 /* ideabutton */,
				E91E774E1A849E87000174D4 /* Products */,
				E91E77A71A84A96C000174D4 /* Frameworks */,
			);
			sourceTree = "<group>";
		};
		E91E774E1A849E87000174D4 /* Products */ = {
			isa = PBXGroup;
			children = (
				E91E774D1A849E87000174D4 /* ideabutton.app */,
			);
			name = Products;
			sourceTree = "<group>";
		};
		E91E774F1A849E87000174D4 /* ideabutton */ = {
			isa = PBXGroup;
			children = (
				E91E777D1A84A77E000174D4 /* Cells */,
				E91E777C1A84A772000174D4 /* EntityClass */,
				E91E777B1A84A76A000174D4 /* BasseClass */,
				E91E777A1A84A760000174D4 /* GroupClass */,
				E91E77791A84A756000174D4 /* ToolBox */,
				E91E77541A849E87000174D4 /* AppDelegate.h */,
				E91E77551A849E87000174D4 /* AppDelegate.m */,
				E91E775D1A849E87000174D4 /* Images.xcassets */,
				E91E77501A849E87000174D4 /* Supporting Files */,
			);
			path = ideabutton;
			sourceTree = "<group>";
		};
		E91E77501A849E87000174D4 /* Supporting Files */ = {
			isa = PBXGroup;
			children = (
				E94107511A91BA19002D78B2 /* libleveldb.a */,
				E981907F1A8853EC0025F284 /* Images */,
				E91E77511A849E87000174D4 /* Info.plist */,
				E91E77521A849E87000174D4 /* main.m */,
			);
			name = "Supporting Files";
			sourceTree = "<group>";
		};
		E91E77791A84A756000174D4 /* ToolBox */ = {
			isa = PBXGroup;
			children = (
				E941074D1A91BA19002D78B2 /* libs */,
				E941074B1A91B925002D78B2 /* model */,
				E94107411A91B649002D78B2 /* API */,
				E9F0E0D01A8C862100CAC9E1 /* WaterFlowLib */,
				E98190901A886E5E0025F284 /* SDWebImage */,
				E98190891A885FBB0025F284 /* RefreshTableHeaderView */,
				E91E77BC1A84B143000174D4 /* RMMapper */,
				E91E77871A84A8CD000174D4 /* AsiHttpRequest */,
				E91E777E1A84A7D3000174D4 /* Config.h */,
				E91E77811A84A7EB000174D4 /* Global.h */,
				E91E77821A84A7EB000174D4 /* Global.m */,
			);
			name = ToolBox;
			sourceTree = "<group>";
		};
		E91E777A1A84A760000174D4 /* GroupClass */ = {
			isa = PBXGroup;
			children = (
				E932E5471AB7BE0E00839FA4 /* ForgetPassword */,
				E94107971AA55D38002D78B2 /* ReformIdea */,
				E98C48F31A8C443000287EF8 /* IdeaGenerate */,
				E97258B71A8B310700F0ABB8 /* InteractivePage */,
				E97258531A89A8E800F0ABB8 /* ProjectContent */,
				E98190711A884FDA0025F284 /* IAlsoPress */,
				E91E77861A84A86B000174D4 /* Main */,
				E91E77851A84A81F000174D4 /* Register */,
				E91E77841A84A818000174D4 /* Login */,
			);
			name = GroupClass;
			sourceTree = "<group>";
		};
		E91E777B1A84A76A000174D4 /* BasseClass */ = {
			isa = PBXGroup;
			children = (
				E91E77C91A84B1C2000174D4 /* MyBaseViewController.h */,
				E91E77CA1A84B1C2000174D4 /* MyBaseViewController.m */,
				E91E77CB1A84B1C2000174D4 /* MyUIButton.h */,
				E91E77CC1A84B1C2000174D4 /* MyUIButton.m */,
				E91E77CD1A84B1C2000174D4 /* MyUILabel.h */,
				E91E77CE1A84B1C2000174D4 /* MyUILabel.m */,
				E981906E1A884BC20025F284 /* MyNavigationViewController.h */,
				E981906F1A884BC20025F284 /* MyNavigationViewController.m */,
				E9F0E0E01A8CD5FB00CAC9E1 /* MyUIImageView.h */,
				E9F0E0E11A8CD5FB00CAC9E1 /* MyUIImageView.m */,
				89AC5C6C1AA154A4005DA279 /* MyToolView.h */,
				89AC5C6D1AA154A4005DA279 /* MyToolView.m */,
			);
			name = BasseClass;
			sourceTree = "<group>";
		};
		E91E777C1A84A772000174D4 /* EntityClass */ = {
			isa = PBXGroup;
			children = (
				E91E77B91A84B12C000174D4 /* BaseEntity.h */,
				E91E77BA1A84B12C000174D4 /* BaseEntity.m */,
				E9F0E0DA1A8C8AF500CAC9E1 /* JsonResult.h */,
				E9F0E0DB1A8C8AF500CAC9E1 /* JsonResult.m */,
				E9F0E0DD1A8C93BE00CAC9E1 /* WaterFlowObj.h */,
				E9F0E0DE1A8C93BE00CAC9E1 /* WaterFlowObj.m */,
			);
			name = EntityClass;
			sourceTree = "<group>";
		};
		E91E777D1A84A77E000174D4 /* Cells */ = {
			isa = PBXGroup;
			children = (
				E91E77B61A84B0EE000174D4 /* BaseCell.h */,
				E91E77B71A84B0EE000174D4 /* BaseCell.m */,
				89AC5C691AA1548B005DA279 /* MytoolviewCell.h */,
				89AC5C6A1AA1548B005DA279 /* MytoolviewCell.m */,
				89AC5C631AA1544B005DA279 /* MychangedCell.h */,
				89AC5C641AA1544B005DA279 /* MychangedCell.m */,
				89AC5C651AA1544B005DA279 /* MysaveCell.h */,
				89AC5C661AA1544B005DA279 /* MysaveCell.m */,
			);
			name = Cells;
			sourceTree = "<group>";
		};
		E91E77841A84A818000174D4 /* Login */ = {
			isa = PBXGroup;
			children = (
				E97258251A888D6600F0ABB8 /* LoginViewController.h */,
				E97258231A888D3500F0ABB8 /* LoginViewController.m */,
			);
			name = Login;
			sourceTree = "<group>";
		};
		E91E77851A84A81F000174D4 /* Register */ = {
			isa = PBXGroup;
			children = (
				E97258381A88B8B200F0ABB8 /* RegisterViewController.h */,
				E97258391A88B8D400F0ABB8 /* RegisterViewController.m */,
			);
			name = Register;
			sourceTree = "<group>";
		};
		E91E77861A84A86B000174D4 /* Main */ = {
			isa = PBXGroup;
			children = (
				E91E77761A84A6FA000174D4 /* MainViewController.h */,
				E91E77771A84A6FA000174D4 /* MainViewController.m */,
				89AC5C601AA15434005DA279 /* IdeaDetailViewController.h */,
				89AC5C611AA15434005DA279 /* IdeaDetailViewController.m */,
			);
			name = Main;
			sourceTree = "<group>";
		};
		E91E77871A84A8CD000174D4 /* AsiHttpRequest */ = {
			isa = PBXGroup;
			children = (
				E91E77881A84A8CD000174D4 /* ASIAuthenticationDialog.h */,
				E91E77891A84A8CD000174D4 /* ASIAuthenticationDialog.m */,
				E91E778A1A84A8CD000174D4 /* ASICacheDelegate.h */,
				E91E778B1A84A8CD000174D4 /* ASIDataCompressor.h */,
				E91E778C1A84A8CD000174D4 /* ASIDataCompressor.m */,
				E91E778D1A84A8CD000174D4 /* ASIDataDecompressor.h */,
				E91E778E1A84A8CD000174D4 /* ASIDataDecompressor.m */,
				E91E778F1A84A8CD000174D4 /* ASIDownloadCache.h */,
				E91E77901A84A8CD000174D4 /* ASIDownloadCache.m */,
				E91E77911A84A8CD000174D4 /* ASIFormDataRequest.h */,
				E91E77921A84A8CD000174D4 /* ASIFormDataRequest.m */,
				E91E77931A84A8CD000174D4 /* ASIHTTPRequest.h */,
				E91E77941A84A8CD000174D4 /* ASIHTTPRequest.m */,
				E91E77951A84A8CD000174D4 /* ASIHTTPRequestConfig.h */,
				E91E77961A84A8CD000174D4 /* ASIHTTPRequestDelegate.h */,
				E91E77971A84A8CD000174D4 /* ASIInputStream.h */,
				E91E77981A84A8CD000174D4 /* ASIInputStream.m */,
				E91E77991A84A8CD000174D4 /* ASINetworkQueue.h */,
				E91E779A1A84A8CD000174D4 /* ASINetworkQueue.m */,
				E91E779B1A84A8CD000174D4 /* ASIProgressDelegate.h */,
				E91E779C1A84A8CD000174D4 /* Reachability.h */,
				E91E779D1A84A8CD000174D4 /* Reachability.m */,
			);
			path = AsiHttpRequest;
			sourceTree = "<group>";
		};
		E91E77A71A84A96C000174D4 /* Frameworks */ = {
			isa = PBXGroup;
			children = (
				E91E77B41A84A9E3000174D4 /* libxml2.dylib */,
				E91E77B21A84A9DA000174D4 /* MobileCoreServices.framework */,
				E91E77B01A84A9D1000174D4 /* libz.dylib */,
				E91E77AE1A84A9BB000174D4 /* libobjc.dylib */,
				E91E77AC1A84A9AF000174D4 /* Security.framework */,
				E91E77AA1A84A9A4000174D4 /* CFNetwork.framework */,
				E91E77A81A84A988000174D4 /* SystemConfiguration.framework */,
			);
			name = Frameworks;
			sourceTree = "<group>";
		};
		E91E77BC1A84B143000174D4 /* RMMapper */ = {
			isa = PBXGroup;
			children = (
				E91E77BD1A84B143000174D4 /* NSObject+RMArchivable.h */,
				E91E77BE1A84B143000174D4 /* NSObject+RMArchivable.m */,
				E91E77BF1A84B143000174D4 /* NSObject+RMCopyable.h */,
				E91E77C01A84B143000174D4 /* NSObject+RMCopyable.m */,
				E91E77C11A84B143000174D4 /* NSUserDefaults+RMSaveCustomObject.h */,
				E91E77C21A84B143000174D4 /* NSUserDefaults+RMSaveCustomObject.m */,
				E91E77C31A84B143000174D4 /* RMMapper.h */,
				E91E77C41A84B143000174D4 /* RMMapper.m */,
			);
			path = RMMapper;
			sourceTree = "<group>";
		};
		E932E5471AB7BE0E00839FA4 /* ForgetPassword */ = {
			isa = PBXGroup;
			children = (
				E932E5481AB7BE6A00839FA4 /* ForgetPswViewController.h */,
				E932E5491AB7BE6A00839FA4 /* ForgetPswViewController.m */,
			);
			name = ForgetPassword;
			sourceTree = "<group>";
		};
		E94107411A91B649002D78B2 /* API */ = {
			isa = PBXGroup;
			children = (
				E94107421A91B666002D78B2 /* API.h */,
				E94107431A91B666002D78B2 /* API.m */,
				E94107481A91B850002D78B2 /* DB.h */,
				E94107491A91B850002D78B2 /* DB.m */,
				E94107451A91B72E002D78B2 /* Base64.h */,
				E94107461A91B72E002D78B2 /* Base64.m */,
			);
			name = API;
			sourceTree = "<group>";
		};
		E941074B1A91B925002D78B2 /* model */ = {
			isa = PBXGroup;
			children = (
				E941074C1A91B949002D78B2 /* ZTModel.h */,
				E94107641A91C75D002D78B2 /* User.m */,
			);
			name = model;
			sourceTree = "<group>";
		};
		E941074D1A91BA19002D78B2 /* libs */ = {
			isa = PBXGroup;
			children = (
				E94107661A91CC4A002D78B2 /* SVProgressHUD */,
				E941074F1A91BA19002D78B2 /* APLevelDB.h */,
				E94107501A91BA19002D78B2 /* APLevelDB.mm */,
				E94107541A91BB54002D78B2 /* include */,
			);
			path = libs;
			sourceTree = "<group>";
		};
		E94107541A91BB54002D78B2 /* include */ = {
			isa = PBXGroup;
			children = (
				E94107551A91BB54002D78B2 /* leveldb */,
			);
			path = include;
			sourceTree = "<group>";
		};
		E94107551A91BB54002D78B2 /* leveldb */ = {
			isa = PBXGroup;
			children = (
				E94107561A91BB54002D78B2 /* c.h */,
				E94107571A91BB54002D78B2 /* cache.h */,
				E94107581A91BB54002D78B2 /* comparator.h */,
				E94107591A91BB54002D78B2 /* db.h */,
				E941075A1A91BB54002D78B2 /* env.h */,
				E941075B1A91BB54002D78B2 /* filter_policy.h */,
				E941075C1A91BB54002D78B2 /* iterator.h */,
				E941075D1A91BB54002D78B2 /* options.h */,
				E941075E1A91BB54002D78B2 /* slice.h */,
				E941075F1A91BB54002D78B2 /* status.h */,
				E94107601A91BB54002D78B2 /* table.h */,
				E94107611A91BB54002D78B2 /* table_builder.h */,
				E94107621A91BB54002D78B2 /* write_batch.h */,
			);
			path = leveldb;
			sourceTree = "<group>";
		};
		E94107661A91CC4A002D78B2 /* SVProgressHUD */ = {
			isa = PBXGroup;
			children = (
				E94107671A91CC4A002D78B2 /* SVProgressHUD-Prefix.pch */,
				E94107681A91CC4A002D78B2 /* SVProgressHUD.bundle */,
				E94107691A91CC4A002D78B2 /* SVProgressHUD.h */,
				E941076A1A91CC4A002D78B2 /* SVProgressHUD.m */,
			);
			path = SVProgressHUD;
			sourceTree = "<group>";
		};
		E94107971AA55D38002D78B2 /* ReformIdea */ = {
			isa = PBXGroup;
			children = (
				E94107A11AA563CD002D78B2 /* ReformIdeaViewController.h */,
				E94107A21AA563CD002D78B2 /* ReformIdeaViewController.m */,
			);
			name = ReformIdea;
			sourceTree = "<group>";
		};
		E97258531A89A8E800F0ABB8 /* ProjectContent */ = {
			isa = PBXGroup;
			children = (
				E97258541A89A95000F0ABB8 /* ProContentViewController.h */,
				E97258551A89A96300F0ABB8 /* ProContentViewController.m */,
			);
			name = ProjectContent;
			sourceTree = "<group>";
		};
		E97258B71A8B310700F0ABB8 /* InteractivePage */ = {
			isa = PBXGroup;
			children = (
				E98C48EE1A8B794800287EF8 /* WaitPageViewController.h */,
				E98C48EF1A8B794800287EF8 /* WaitPageViewController.m */,
				E98C48EB1A8B761F00287EF8 /* NumberChooseViewController.h */,
				E98C48EC1A8B761F00287EF8 /* NumberChooseViewController.m */,
				E98C48E31A8B68DB00287EF8 /* InteractivePageViewController1.h */,
				E98C48E41A8B68DB00287EF8 /* InteractivePageViewController1.m */,
				E98C48E51A8B68DB00287EF8 /* InteractivePageViewController2.h */,
				E98C48E61A8B68DB00287EF8 /* InteractivePageViewController2.m */,
				E98C48E01A8B378700287EF8 /* InteractivePageViewController.h */,
				E98C48E11A8B378700287EF8 /* InteractivePageViewController.m */,
			);
			name = InteractivePage;
			sourceTree = "<group>";
		};
		E98190711A884FDA0025F284 /* IAlsoPress */ = {
			isa = PBXGroup;
			children = (
				E98190721A8850030025F284 /* IAlsoPressViewController.h */,
				E98190731A8850030025F284 /* IAlsoPressViewController.m */,
				E98190751A8851D60025F284 /* IoccupyViewController.h */,
				E98190761A8851D60025F284 /* IoccupyViewController.m */,
				E98190781A8852110025F284 /* ISavedViewController.h */,
				E98190791A8852110025F284 /* ISavedViewController.m */,
				E981907B1A88526E0025F284 /* IChangedViewController.h */,
				E981907C1A88526E0025F284 /* IChangedViewController.m */,
				89BF1FEF1AA556780085CD58 /* IoccupyDetailViewController.h */,
				89BF1FF01AA556780085CD58 /* IoccupyDetailViewController.m */,
			);
			name = IAlsoPress;
			sourceTree = "<group>";
		};
		E981907F1A8853EC0025F284 /* Images */ = {
			isa = PBXGroup;
			children = (
				E932E5771AB9245300839FA4 /* ideaCreate */,
				E932E5751AB9146600839FA4 /* ideaRuleChoose */,
				E932E56D1AB913F100839FA4 /* forgetPSW */,
				E932E56E1AB913F100839FA4 /* login */,
				E932E56F1AB913F100839FA4 /* public */,
				E932E5701AB913F100839FA4 /* register */,
				89AF6B381AA45D9D004F88F1 /* icon_aixin.png */,
				89AF6B391AA45D9D004F88F1 /* icon_qipao.png */,
				89AF6B361AA3FD4C004F88F1 /* icon_jiantou_zuo@2x.png */,
				E941078B1AA2E4CC002D78B2 /* error@2x.png */,
				89AC5C761AA1C1CF005DA279 /* btn_close@2x.png */,
				E94107731AA1B25D002D78B2 /* icon_gfwb@2x.png */,
				E94107741AA1B25D002D78B2 /* icon_gfwx@2x.png */,
				E94107751AA1B25D002D78B2 /* icon_gfwz@2x.png */,
				E94107761AA1B25D002D78B2 /* icon_sysm@2x.png */,
				E94107771AA1B25D002D78B2 /* icon_tcdl@2x.png */,
				E94107781AA1B25D002D78B2 /* icon_wdzy@2x.png */,
				E94107791AA1B25D002D78B2 /* icon_wyfx@2x.png */,
				E941076F1AA1A62A002D78B2 /* icon_add@2x.png */,
				E94107701AA1A62A002D78B2 /* icon_sc@2x.png */,
				89AC5C6F1AA165D6005DA279 /* userheader@2x.png */,
				E98C48F11A8B7BA300287EF8 /* gif.gif */,
				E97258B51A89A9EF00F0ABB8 /* btn_logo@2x.png */,
				E972584C1A89A41E00F0ABB8 /* icon_brbz@2x.png */,
				E972584D1A89A41E00F0ABB8 /* icon_chuizi@2x.png */,
				E97258311A88A49400F0ABB8 /* icon_more_all@2x.png */,
				E972582A1A88A14F00F0ABB8 /* checkbox-checked@2x.png */,
				E972582B1A88A14F00F0ABB8 /* checkbox-unchecked@2x.png */,
				E98190831A885DF30025F284 /* icon_wbzd@2x.png */,
				E98190841A885DF30025F284 /* icon_wgzd@2x.png */,
				E98190851A885DF30025F284 /* icon_wscd@2x.png */,
			);
			path = Images;
			sourceTree = "<group>";
		};
		E98190891A885FBB0025F284 /* RefreshTableHeaderView */ = {
			isa = PBXGroup;
			children = (
				E981908A1A885FBB0025F284 /* CircleView.h */,
				E981908B1A885FBB0025F284 /* CircleView.m */,
				E981908C1A885FBB0025F284 /* EGORefreshTableHeaderView.h */,
				E981908D1A885FBB0025F284 /* EGORefreshTableHeaderView.m */,
			);
			path = RefreshTableHeaderView;
			sourceTree = "<group>";
		};
		E98190901A886E5E0025F284 /* SDWebImage */ = {
			isa = PBXGroup;
			children = (
				E98190911A886E5E0025F284 /* SDImageCache.h */,
				E98190921A886E5E0025F284 /* SDImageCache.m */,
				E98190931A886E5E0025F284 /* SDImageCacheDelegate.h */,
				E98190941A886E5E0025F284 /* SDWebImageCompat.h */,
				E98190951A886E5E0025F284 /* SDWebImageDecoder.h */,
				E98190961A886E5E0025F284 /* SDWebImageDecoder.m */,
				E98190971A886E5E0025F284 /* SDWebImageDownloader.h */,
				E98190981A886E5E0025F284 /* SDWebImageDownloader.m */,
				E98190991A886E5E0025F284 /* SDWebImageDownloaderDelegate.h */,
				E981909A1A886E5E0025F284 /* SDWebImageManager.h */,
				E981909B1A886E5E0025F284 /* SDWebImageManager.m */,
				E981909C1A886E5E0025F284 /* SDWebImageManagerDelegate.h */,
				E981909D1A886E5E0025F284 /* SDWebImagePrefetcher.h */,
				E981909E1A886E5E0025F284 /* SDWebImagePrefetcher.m */,
				E981909F1A886E5E0025F284 /* UIButton+WebCache.h */,
				E98190A01A886E5E0025F284 /* UIButton+WebCache.m */,
				E98190A11A886E5E0025F284 /* UIImageView+WebCache.h */,
				E98190A21A886E5E0025F284 /* UIImageView+WebCache.m */,
			);
			path = SDWebImage;
			sourceTree = "<group>";
		};
		E98C48F31A8C443000287EF8 /* IdeaGenerate */ = {
			isa = PBXGroup;
			children = (
				E98C48F41A8C447100287EF8 /* IdeaGenerateViewController.h */,
				E98C48F51A8C448800287EF8 /* IdeaGenerateViewController.m */,
			);
			name = IdeaGenerate;
			sourceTree = "<group>";
		};
		E9F0E0D01A8C862100CAC9E1 /* WaterFlowLib */ = {
			isa = PBXGroup;
			children = (
				E9F0E0D11A8C862100CAC9E1 /* ImageViewCell.h */,
				E9F0E0D21A8C862100CAC9E1 /* ImageViewCell.m */,
				E9F0E0D31A8C862100CAC9E1 /* WaterFlowView.h */,
				E9F0E0D41A8C862100CAC9E1 /* WaterFlowView.m */,
				E9F0E0D51A8C862100CAC9E1 /* WaterFlowViewCell.h */,
				E9F0E0D61A8C862100CAC9E1 /* WaterFlowViewCell.m */,
			);
			path = WaterFlowLib;
			sourceTree = "<group>";
		};
/* End PBXGroup section */

/* Begin PBXNativeTarget section */
		E91E774C1A849E87000174D4 /* ideabutton */ = {
			isa = PBXNativeTarget;
			buildConfigurationList = E91E77701A849E87000174D4 /* Build configuration list for PBXNativeTarget "ideabutton" */;
			buildPhases = (
				E91E77491A849E87000174D4 /* Sources */,
				E91E774A1A849E87000174D4 /* Frameworks */,
				E91E774B1A849E87000174D4 /* Resources */,
			);
			buildRules = (
			);
			dependencies = (
			);
			name = ideabutton;
			productName = ideabutton;
			productReference = E91E774D1A849E87000174D4 /* ideabutton.app */;
			productType = "com.apple.product-type.application";
		};
/* End PBXNativeTarget section */

/* Begin PBXProject section */
		E91E77451A849E87000174D4 /* Project object */ = {
			isa = PBXProject;
			attributes = {
				LastUpgradeCheck = 0610;
				ORGANIZATIONNAME = ttt;
				TargetAttributes = {
					E91E774C1A849E87000174D4 = {
						CreatedOnToolsVersion = 6.1.1;
						DevelopmentTeam = 69386JC5KD;
					};
				};
			};
			buildConfigurationList = E91E77481A849E87000174D4 /* Build configuration list for PBXProject "ideabutton" */;
			compatibilityVersion = "Xcode 3.2";
			developmentRegion = English;
			hasScannedForEncodings = 0;
			knownRegions = (
				en,
				Base,
			);
			mainGroup = E91E77441A849E87000174D4;
			productRefGroup = E91E774E1A849E87000174D4 /* Products */;
			projectDirPath = "";
			projectRoot = "";
			targets = (
				E91E774C1A849E87000174D4 /* ideabutton */,
			);
		};
/* End PBXProject section */

/* Begin PBXResourcesBuildPhase section */
		E91E774B1A849E87000174D4 /* Resources */ = {
			isa = PBXResourcesBuildPhase;
			buildActionMask = 2147483647;
			files = (
				E98190861A885DF30025F284 /* icon_wbzd@2x.png in Resources */,
				E941077D1AA1B25D002D78B2 /* icon_sysm@2x.png in Resources */,
				E98190871A885DF30025F284 /* icon_wgzd@2x.png in Resources */,
				E932E5741AB913F100839FA4 /* register in Resources */,
				E97258511A89A41E00F0ABB8 /* icon_brbz@2x.png in Resources */,
				E97258521A89A41E00F0ABB8 /* icon_chuizi@2x.png in Resources */,
				E98190881A885DF30025F284 /* icon_wscd@2x.png in Resources */,
				E941077F1AA1B25D002D78B2 /* icon_wdzy@2x.png in Resources */,
				E941077A1AA1B25D002D78B2 /* icon_gfwb@2x.png in Resources */,
				E932E5711AB913F100839FA4 /* forgetPSW in Resources */,
				E941076B1A91CC4A002D78B2 /* SVProgressHUD.bundle in Resources */,
				E941078C1AA2E4CC002D78B2 /* error@2x.png in Resources */,
				E932E5761AB9146600839FA4 /* ideaRuleChoose in Resources */,
				89AC5C701AA165D6005DA279 /* userheader@2x.png in Resources */,
				E97258271A888EB700F0ABB8 /* Default-568h@2x.png in Resources */,
				E91E775E1A849E87000174D4 /* Images.xcassets in Resources */,
				E98C48F21A8B7BA300287EF8 /* gif.gif in Resources */,
				E97258361A88A49400F0ABB8 /* icon_more_all@2x.png in Resources */,
				E94107801AA1B25D002D78B2 /* icon_wyfx@2x.png in Resources */,
				E941077B1AA1B25D002D78B2 /* icon_gfwx@2x.png in Resources */,
				E941077C1AA1B25D002D78B2 /* icon_gfwz@2x.png in Resources */,
				E94107721AA1A62A002D78B2 /* icon_sc@2x.png in Resources */,
				89AF6B371AA3FD4C004F88F1 /* icon_jiantou_zuo@2x.png in Resources */,
				E932E5731AB913F100839FA4 /* public in Resources */,
				E972582C1A88A14F00F0ABB8 /* checkbox-checked@2x.png in Resources */,
				89AF6B3B1AA45D9D004F88F1 /* icon_qipao.png in Resources */,
				E932E5721AB913F100839FA4 /* login in Resources */,
				E972582D1A88A14F00F0ABB8 /* checkbox-unchecked@2x.png in Resources */,
				89AF6B3A1AA45D9D004F88F1 /* icon_aixin.png in Resources */,
				89AC5C781AA1C1CF005DA279 /* btn_close@2x.png in Resources */,
				E941077E1AA1B25D002D78B2 /* icon_tcdl@2x.png in Resources */,
				E97258B61A89A9EF00F0ABB8 /* btn_logo@2x.png in Resources */,
				E932E5781AB9245300839FA4 /* ideaCreate in Resources */,
				E94107711AA1A62A002D78B2 /* icon_add@2x.png in Resources */,
			);
			runOnlyForDeploymentPostprocessing = 0;
		};
/* End PBXResourcesBuildPhase section */

/* Begin PBXSourcesBuildPhase section */
		E91E77491A849E87000174D4 /* Sources */ = {
			isa = PBXSourcesBuildPhase;
			buildActionMask = 2147483647;
			files = (
				E91E77C61A84B143000174D4 /* NSObject+RMCopyable.m in Sources */,
				E9F0E0E21A8CD5FB00CAC9E1 /* MyUIImageView.m in Sources */,
				E981907D1A88526E0025F284 /* IChangedViewController.m in Sources */,
				E91E77A61A84A8CD000174D4 /* Reachability.m in Sources */,
				E91E77BB1A84B12C000174D4 /* BaseEntity.m in Sources */,
				E9F0E0D91A8C862100CAC9E1 /* WaterFlowViewCell.m in Sources */,
				E981908E1A885FBB0025F284 /* CircleView.m in Sources */,
				E91E779F1A84A8CD000174D4 /* ASIDataCompressor.m in Sources */,
				E941076C1A91CC4A002D78B2 /* SVProgressHUD.m in Sources */,
				E97258241A888D3500F0ABB8 /* LoginViewController.m in Sources */,
				E98190701A884BC20025F284 /* MyNavigationViewController.m in Sources */,
				E98190A81A886E5E0025F284 /* UIButton+WebCache.m in Sources */,
				E98190A71A886E5E0025F284 /* SDWebImagePrefetcher.m in Sources */,
				E91E77831A84A7EB000174D4 /* Global.m in Sources */,
				E91E77D01A84B1C2000174D4 /* MyUIButton.m in Sources */,
				E98190771A8851D60025F284 /* IoccupyViewController.m in Sources */,
				E98190A41A886E5E0025F284 /* SDWebImageDecoder.m in Sources */,
				89AC5C6B1AA1548B005DA279 /* MytoolviewCell.m in Sources */,
				E94107A31AA563CD002D78B2 /* ReformIdeaViewController.m in Sources */,
				E91E77561A849E87000174D4 /* AppDelegate.m in Sources */,
				E98190A91A886E5E0025F284 /* UIImageView+WebCache.m in Sources */,
				89AC5C621AA15434005DA279 /* IdeaDetailViewController.m in Sources */,
				E98190A61A886E5E0025F284 /* SDWebImageManager.m in Sources */,
				E98C48F61A8C448800287EF8 /* IdeaGenerateViewController.m in Sources */,
				E91E77C51A84B143000174D4 /* NSObject+RMArchivable.m in Sources */,
				E98190741A8850030025F284 /* IAlsoPressViewController.m in Sources */,
				E97258561A89A96300F0ABB8 /* ProContentViewController.m in Sources */,
				E91E77B81A84B0EE000174D4 /* BaseCell.m in Sources */,
				E91E779E1A84A8CD000174D4 /* ASIAuthenticationDialog.m in Sources */,
				E91E77C71A84B143000174D4 /* NSUserDefaults+RMSaveCustomObject.m in Sources */,
				E91E77A21A84A8CD000174D4 /* ASIFormDataRequest.m in Sources */,
				E91E77D11A84B1C2000174D4 /* MyUILabel.m in Sources */,
				E9F0E0DC1A8C8AF500CAC9E1 /* JsonResult.m in Sources */,
				E9F0E0D71A8C862100CAC9E1 /* ImageViewCell.m in Sources */,
				E9F0E0D81A8C862100CAC9E1 /* WaterFlowView.m in Sources */,
				89AC5C681AA1544B005DA279 /* MysaveCell.m in Sources */,
				E91E77A01A84A8CD000174D4 /* ASIDataDecompressor.m in Sources */,
				E98190A31A886E5E0025F284 /* SDImageCache.m in Sources */,
				E94107471A91B72E002D78B2 /* Base64.m in Sources */,
				E91E77781A84A6FA000174D4 /* MainViewController.m in Sources */,
				E98C48E21A8B378700287EF8 /* InteractivePageViewController.m in Sources */,
				E98C48ED1A8B761F00287EF8 /* NumberChooseViewController.m in Sources */,
				E941074A1A91B850002D78B2 /* DB.m in Sources */,
				E972583A1A88B8D400F0ABB8 /* RegisterViewController.m in Sources */,
				E91E77CF1A84B1C2000174D4 /* MyBaseViewController.m in Sources */,
				E98C48F01A8B794800287EF8 /* WaitPageViewController.m in Sources */,
				E91E77A41A84A8CD000174D4 /* ASIInputStream.m in Sources */,
				E94107521A91BA19002D78B2 /* APLevelDB.mm in Sources */,
				89BF1FF11AA556780085CD58 /* IoccupyDetailViewController.m in Sources */,
				E98190A51A886E5E0025F284 /* SDWebImageDownloader.m in Sources */,
				E981908F1A885FBB0025F284 /* EGORefreshTableHeaderView.m in Sources */,
				89AC5C6E1AA154A4005DA279 /* MyToolView.m in Sources */,
				E98C48E81A8B68DB00287EF8 /* InteractivePageViewController2.m in Sources */,
				E91E77C81A84B143000174D4 /* RMMapper.m in Sources */,
				E94107441A91B666002D78B2 /* API.m in Sources */,
				E91E77A51A84A8CD000174D4 /* ASINetworkQueue.m in Sources */,
				E981907A1A8852110025F284 /* ISavedViewController.m in Sources */,
				E9F0E0DF1A8C93BE00CAC9E1 /* WaterFlowObj.m in Sources */,
				E98C48E71A8B68DB00287EF8 /* InteractivePageViewController1.m in Sources */,
				E94107651A91C75D002D78B2 /* User.m in Sources */,
				E932E54A1AB7BE6A00839FA4 /* ForgetPswViewController.m in Sources */,
				E91E77A31A84A8CD000174D4 /* ASIHTTPRequest.m in Sources */,
				E91E77A11A84A8CD000174D4 /* ASIDownloadCache.m in Sources */,
				89AC5C671AA1544B005DA279 /* MychangedCell.m in Sources */,
				E91E77531A849E87000174D4 /* main.m in Sources */,
			);
			runOnlyForDeploymentPostprocessing = 0;
		};
/* End PBXSourcesBuildPhase section */

/* Begin XCBuildConfiguration section */
		E91E776E1A849E87000174D4 /* Debug */ = {
			isa = XCBuildConfiguration;
			buildSettings = {
				ALWAYS_SEARCH_USER_PATHS = NO;
				CLANG_CXX_LANGUAGE_STANDARD = "gnu++0x";
				CLANG_CXX_LIBRARY = "libc++";
				CLANG_ENABLE_MODULES = YES;
				CLANG_ENABLE_OBJC_ARC = YES;
				CLANG_WARN_BOOL_CONVERSION = YES;
				CLANG_WARN_CONSTANT_CONVERSION = YES;
				CLANG_WARN_DIRECT_OBJC_ISA_USAGE = YES_ERROR;
				CLANG_WARN_EMPTY_BODY = YES;
				CLANG_WARN_ENUM_CONVERSION = YES;
				CLANG_WARN_INT_CONVERSION = YES;
				CLANG_WARN_OBJC_ROOT_CLASS = YES_ERROR;
				CLANG_WARN_UNREACHABLE_CODE = YES;
				CLANG_WARN__DUPLICATE_METHOD_MATCH = YES;
				CODE_SIGN_IDENTITY = "iPhone Developer: liang ren (C97KGTXX8Q)";
				"CODE_SIGN_IDENTITY[sdk=iphoneos*]" = "iPhone Developer: liang ren (C97KGTXX8Q)";
				COPY_PHASE_STRIP = NO;
				ENABLE_STRICT_OBJC_MSGSEND = YES;
				GCC_C_LANGUAGE_STANDARD = gnu99;
				GCC_DYNAMIC_NO_PIC = NO;
				GCC_OPTIMIZATION_LEVEL = 0;
				GCC_PREPROCESSOR_DEFINITIONS = (
					"DEBUG=1",
					"$(inherited)",
				);
				GCC_SYMBOLS_PRIVATE_EXTERN = NO;
				GCC_WARN_64_TO_32_BIT_CONVERSION = YES;
				GCC_WARN_ABOUT_RETURN_TYPE = YES_ERROR;
				GCC_WARN_UNDECLARED_SELECTOR = YES;
				GCC_WARN_UNINITIALIZED_AUTOS = YES_AGGRESSIVE;
				GCC_WARN_UNUSED_FUNCTION = YES;
				GCC_WARN_UNUSED_VARIABLE = YES;
				IPHONEOS_DEPLOYMENT_TARGET = 6.0;
				MTL_ENABLE_DEBUG_INFO = YES;
				ONLY_ACTIVE_ARCH = NO;
				SDKROOT = iphoneos;
				VALID_ARCHS = "armv7 armv7s";
			};
			name = Debug;
		};
		E91E776F1A849E87000174D4 /* Release */ = {
			isa = XCBuildConfiguration;
			buildSettings = {
				ALWAYS_SEARCH_USER_PATHS = NO;
				CLANG_CXX_LANGUAGE_STANDARD = "gnu++0x";
				CLANG_CXX_LIBRARY = "libc++";
				CLANG_ENABLE_MODULES = YES;
				CLANG_ENABLE_OBJC_ARC = YES;
				CLANG_WARN_BOOL_CONVERSION = YES;
				CLANG_WARN_CONSTANT_CONVERSION = YES;
				CLANG_WARN_DIRECT_OBJC_ISA_USAGE = YES_ERROR;
				CLANG_WARN_EMPTY_BODY = YES;
				CLANG_WARN_ENUM_CONVERSION = YES;
				CLANG_WARN_INT_CONVERSION = YES;
				CLANG_WARN_OBJC_ROOT_CLASS = YES_ERROR;
				CLANG_WARN_UNREACHABLE_CODE = YES;
				CLANG_WARN__DUPLICATE_METHOD_MATCH = YES;
				CODE_SIGN_IDENTITY = "";
				"CODE_SIGN_IDENTITY[sdk=iphoneos*]" = "iPhone Developer";
				COPY_PHASE_STRIP = YES;
				ENABLE_NS_ASSERTIONS = NO;
				ENABLE_STRICT_OBJC_MSGSEND = YES;
				GCC_C_LANGUAGE_STANDARD = gnu99;
				GCC_WARN_64_TO_32_BIT_CONVERSION = YES;
				GCC_WARN_ABOUT_RETURN_TYPE = YES_ERROR;
				GCC_WARN_UNDECLARED_SELECTOR = YES;
				GCC_WARN_UNINITIALIZED_AUTOS = YES_AGGRESSIVE;
				GCC_WARN_UNUSED_FUNCTION = YES;
				GCC_WARN_UNUSED_VARIABLE = YES;
				IPHONEOS_DEPLOYMENT_TARGET = 6.0;
				MTL_ENABLE_DEBUG_INFO = NO;
				ONLY_ACTIVE_ARCH = NO;
				SDKROOT = iphoneos;
				VALIDATE_PRODUCT = YES;
				VALID_ARCHS = "armv7 armv7s";
			};
			name = Release;
		};
		E91E77711A849E87000174D4 /* Debug */ = {
			isa = XCBuildConfiguration;
			buildSettings = {
				ASSETCATALOG_COMPILER_APPICON_NAME = AppIcon;
				ASSETCATALOG_COMPILER_LAUNCHIMAGE_NAME = LaunchImage;
				CODE_SIGN_IDENTITY = "iPhone Developer";
				"CODE_SIGN_IDENTITY[sdk=iphoneos*]" = "iPhone Developer";
				HEADER_SEARCH_PATHS = (
					"$(inherited)",
					/Applications/Xcode.app/Contents/Developer/Toolchains/XcodeDefault.xctoolchain/usr/include,
					"$(PROJECT_DIR)/ideabutton/libs/include",
				);
				INFOPLIST_FILE = ideabutton/Info.plist;
				LD_RUNPATH_SEARCH_PATHS = "$(inherited) @executable_path/Frameworks";
				LIBRARY_SEARCH_PATHS = (
					"$(inherited)",
					"$(PROJECT_DIR)/ideabutton/libs",
				);
				PRODUCT_NAME = "$(TARGET_NAME)";
				PROVISIONING_PROFILE = "";
			};
			name = Debug;
		};
		E91E77721A849E87000174D4 /* Release */ = {
			isa = XCBuildConfiguration;
			buildSettings = {
				ASSETCATALOG_COMPILER_APPICON_NAME = AppIcon;
				ASSETCATALOG_COMPILER_LAUNCHIMAGE_NAME = LaunchImage;
				CODE_SIGN_IDENTITY = "iPhone Developer";
				"CODE_SIGN_IDENTITY[sdk=iphoneos*]" = "iPhone Developer";
				HEADER_SEARCH_PATHS = (
					"$(inherited)",
					/Applications/Xcode.app/Contents/Developer/Toolchains/XcodeDefault.xctoolchain/usr/include,
					"$(PROJECT_DIR)/ideabutton/libs/include",
				);
				INFOPLIST_FILE = ideabutton/Info.plist;
				LD_RUNPATH_SEARCH_PATHS = "$(inherited) @executable_path/Frameworks";
				LIBRARY_SEARCH_PATHS = (
					"$(inherited)",
					"$(PROJECT_DIR)/ideabutton/libs",
				);
				PRODUCT_NAME = "$(TARGET_NAME)";
				PROVISIONING_PROFILE = "";
			};
			name = Release;
		};
/* End XCBuildConfiguration section */

/* Begin XCConfigurationList section */
		E91E77481A849E87000174D4 /* Build configuration list for PBXProject "ideabutton" */ = {
			isa = XCConfigurationList;
			buildConfigurations = (
				E91E776E1A849E87000174D4 /* Debug */,
				E91E776F1A849E87000174D4 /* Release */,
			);
			defaultConfigurationIsVisible = 0;
			defaultConfigurationName = Release;
		};
		E91E77701A849E87000174D4 /* Build configuration list for PBXNativeTarget "ideabutton" */ = {
			isa = XCConfigurationList;
			buildConfigurations = (
				E91E77711A849E87000174D4 /* Debug */,
				E91E77721A849E87000174D4 /* Release */,
			);
			defaultConfigurationIsVisible = 0;
			defaultConfigurationName = Release;
		};
/* End XCConfigurationList section */
	};
	rootObject = E91E77451A849E87000174D4 /* Project object */;
}
